// !$*UTF8*$!
{
	archiveVersion = 1;
	classes = {
	};
	objectVersion = 56;
	objects = {

/* Begin PBXBuildFile section */
		7504271A295DFD8B00F04A5E /* WeatherApp.swift in Sources */ = {isa = PBXBuildFile; fileRef = 75042719295DFD8B00F04A5E /* WeatherApp.swift */; };
		7504271C295DFD8B00F04A5E /* ContentView.swift in Sources */ = {isa = PBXBuildFile; fileRef = 7504271B295DFD8B00F04A5E /* ContentView.swift */; };
		7504271E295DFDA100F04A5E /* Assets.xcassets in Resources */ = {isa = PBXBuildFile; fileRef = 7504271D295DFDA100F04A5E /* Assets.xcassets */; };
		75042721295DFDA100F04A5E /* Preview Assets.xcassets in Resources */ = {isa = PBXBuildFile; fileRef = 75042720295DFDA100F04A5E /* Preview Assets.xcassets */; };
		75042723295DFDA100F04A5E /* Persistence.swift in Sources */ = {isa = PBXBuildFile; fileRef = 75042722295DFDA100F04A5E /* Persistence.swift */; };
		75042726295DFDA100F04A5E /* Weather.xcdatamodeld in Sources */ = {isa = PBXBuildFile; fileRef = 75042724295DFDA100F04A5E /* Weather.xcdatamodeld */; };
		75042730295DFDA300F04A5E /* WeatherTests.swift in Sources */ = {isa = PBXBuildFile; fileRef = 7504272F295DFDA300F04A5E /* WeatherTests.swift */; };
		7504273A295DFDA400F04A5E /* WeatherUITests.swift in Sources */ = {isa = PBXBuildFile; fileRef = 75042739295DFDA400F04A5E /* WeatherUITests.swift */; };
		7504273C295DFDA400F04A5E /* WeatherUITestsLaunchTests.swift in Sources */ = {isa = PBXBuildFile; fileRef = 7504273B295DFDA400F04A5E /* WeatherUITestsLaunchTests.swift */; };
		7504276C295E1BCF00F04A5E /* current.json in Resources */ = {isa = PBXBuildFile; fileRef = 7504276B295E1BCF00F04A5E /* current.json */; };
		7504276E295E1C0B00F04A5E /* forecast5.json in Resources */ = {isa = PBXBuildFile; fileRef = 7504276D295E1C0B00F04A5E /* forecast5.json */; };
		754275F7295EBDB100358B16 /* Colors.xcassets in Resources */ = {isa = PBXBuildFile; fileRef = 754275F6295EBDB100358B16 /* Colors.xcassets */; };
/* End PBXBuildFile section */

/* Begin PBXContainerItemProxy section */
		7504272C295DFDA300F04A5E /* PBXContainerItemProxy */ = {
			isa = PBXContainerItemProxy;
			containerPortal = 7504270E295DFD8B00F04A5E /* Project object */;
			proxyType = 1;
			remoteGlobalIDString = 75042715295DFD8B00F04A5E;
			remoteInfo = Weather;
		};
		75042736295DFDA400F04A5E /* PBXContainerItemProxy */ = {
			isa = PBXContainerItemProxy;
			containerPortal = 7504270E295DFD8B00F04A5E /* Project object */;
			proxyType = 1;
			remoteGlobalIDString = 75042715295DFD8B00F04A5E;
			remoteInfo = Weather;
		};
/* End PBXContainerItemProxy section */

/* Begin PBXFileReference section */
		75042716295DFD8B00F04A5E /* Weather.app */ = {isa = PBXFileReference; explicitFileType = wrapper.application; includeInIndex = 0; path = Weather.app; sourceTree = BUILT_PRODUCTS_DIR; };
		75042719295DFD8B00F04A5E /* WeatherApp.swift */ = {isa = PBXFileReference; lastKnownFileType = sourcecode.swift; path = WeatherApp.swift; sourceTree = "<group>"; };
		7504271B295DFD8B00F04A5E /* ContentView.swift */ = {isa = PBXFileReference; lastKnownFileType = sourcecode.swift; path = ContentView.swift; sourceTree = "<group>"; };
		7504271D295DFDA100F04A5E /* Assets.xcassets */ = {isa = PBXFileReference; lastKnownFileType = folder.assetcatalog; path = Assets.xcassets; sourceTree = "<group>"; };
		75042720295DFDA100F04A5E /* Preview Assets.xcassets */ = {isa = PBXFileReference; lastKnownFileType = folder.assetcatalog; path = "Preview Assets.xcassets"; sourceTree = "<group>"; };
		75042722295DFDA100F04A5E /* Persistence.swift */ = {isa = PBXFileReference; lastKnownFileType = sourcecode.swift; path = Persistence.swift; sourceTree = "<group>"; };
		75042725295DFDA100F04A5E /* Weather.xcdatamodel */ = {isa = PBXFileReference; lastKnownFileType = wrapper.xcdatamodel; path = Weather.xcdatamodel; sourceTree = "<group>"; };
		7504272B295DFDA300F04A5E /* WeatherTests.xctest */ = {isa = PBXFileReference; explicitFileType = wrapper.cfbundle; includeInIndex = 0; path = WeatherTests.xctest; sourceTree = BUILT_PRODUCTS_DIR; };
		7504272F295DFDA300F04A5E /* WeatherTests.swift */ = {isa = PBXFileReference; lastKnownFileType = sourcecode.swift; path = WeatherTests.swift; sourceTree = "<group>"; };
		75042735295DFDA300F04A5E /* WeatherUITests.xctest */ = {isa = PBXFileReference; explicitFileType = wrapper.cfbundle; includeInIndex = 0; path = WeatherUITests.xctest; sourceTree = BUILT_PRODUCTS_DIR; };
		75042739295DFDA400F04A5E /* WeatherUITests.swift */ = {isa = PBXFileReference; lastKnownFileType = sourcecode.swift; path = WeatherUITests.swift; sourceTree = "<group>"; };
		7504273B295DFDA400F04A5E /* WeatherUITestsLaunchTests.swift */ = {isa = PBXFileReference; lastKnownFileType = sourcecode.swift; path = WeatherUITestsLaunchTests.swift; sourceTree = "<group>"; };
		75042768295E048600F04A5E /* docs */ = {isa = PBXFileReference; lastKnownFileType = folder; path = docs; sourceTree = "<group>"; };
		7504276B295E1BCF00F04A5E /* current.json */ = {isa = PBXFileReference; fileEncoding = 4; lastKnownFileType = text.json; path = current.json; sourceTree = "<group>"; };
		7504276D295E1C0B00F04A5E /* forecast5.json */ = {isa = PBXFileReference; fileEncoding = 4; lastKnownFileType = text.json; path = forecast5.json; sourceTree = "<group>"; };
		754275F6295EBDB100358B16 /* Colors.xcassets */ = {isa = PBXFileReference; lastKnownFileType = folder.assetcatalog; path = Colors.xcassets; sourceTree = "<group>"; };
		754275F8295ECA6800358B16 /* Info.plist */ = {isa = PBXFileReference; lastKnownFileType = text.plist.xml; path = Info.plist; sourceTree = "<group>"; };
/* End PBXFileReference section */

/* Begin PBXFrameworksBuildPhase section */
		75042713295DFD8B00F04A5E /* Frameworks */ = {
			isa = PBXFrameworksBuildPhase;
			buildActionMask = 2147483647;
			files = (
			);
			runOnlyForDeploymentPostprocessing = 0;
		};
		75042728295DFDA300F04A5E /* Frameworks */ = {
			isa = PBXFrameworksBuildPhase;
			buildActionMask = 2147483647;
			files = (
			);
			runOnlyForDeploymentPostprocessing = 0;
		};
		75042732295DFDA300F04A5E /* Frameworks */ = {
			isa = PBXFrameworksBuildPhase;
			buildActionMask = 2147483647;
			files = (
			);
			runOnlyForDeploymentPostprocessing = 0;
		};
/* End PBXFrameworksBuildPhase section */

/* Begin PBXGroup section */
		7504270D295DFD8B00F04A5E = {
			isa = PBXGroup;
			children = (
				75042768295E048600F04A5E /* docs */,
				75042718295DFD8B00F04A5E /* Weather */,
				7504272E295DFDA300F04A5E /* WeatherTests */,
				75042738295DFDA400F04A5E /* WeatherUITests */,
				75042717295DFD8B00F04A5E /* Products */,
			);
			sourceTree = "<group>";
		};
		75042717295DFD8B00F04A5E /* Products */ = {
			isa = PBXGroup;
			children = (
				75042716295DFD8B00F04A5E /* Weather.app */,
				7504272B295DFDA300F04A5E /* WeatherTests.xctest */,
				75042735295DFDA300F04A5E /* WeatherUITests.xctest */,
			);
			name = Products;
			sourceTree = "<group>";
		};
		75042718295DFD8B00F04A5E /* Weather */ = {
			isa = PBXGroup;
			children = (
				754275F5295EBD8E00358B16 /* Resources */,
				75042719295DFD8B00F04A5E /* WeatherApp.swift */,
				7504271B295DFD8B00F04A5E /* ContentView.swift */,
				75042722295DFDA100F04A5E /* Persistence.swift */,
				75042724295DFDA100F04A5E /* Weather.xcdatamodeld */,
				7504271F295DFDA100F04A5E /* Preview Content */,
			);
			path = Weather;
			sourceTree = "<group>";
		};
		7504271F295DFDA100F04A5E /* Preview Content */ = {
			isa = PBXGroup;
			children = (
				75042720295DFDA100F04A5E /* Preview Assets.xcassets */,
			);
			path = "Preview Content";
			sourceTree = "<group>";
		};
		7504272E295DFDA300F04A5E /* WeatherTests */ = {
			isa = PBXGroup;
			children = (
				7504276A295E1B6900F04A5E /* Responses */,
				7504272F295DFDA300F04A5E /* WeatherTests.swift */,
			);
			path = WeatherTests;
			sourceTree = "<group>";
		};
		75042738295DFDA400F04A5E /* WeatherUITests */ = {
			isa = PBXGroup;
			children = (
				75042739295DFDA400F04A5E /* WeatherUITests.swift */,
				7504273B295DFDA400F04A5E /* WeatherUITestsLaunchTests.swift */,
			);
			path = WeatherUITests;
			sourceTree = "<group>";
		};
		7504276A295E1B6900F04A5E /* Responses */ = {
			isa = PBXGroup;
			children = (
				7504276D295E1C0B00F04A5E /* forecast5.json */,
				7504276B295E1BCF00F04A5E /* current.json */,
			);
			path = Responses;
			sourceTree = "<group>";
		};
		754275F5295EBD8E00358B16 /* Resources */ = {
			isa = PBXGroup;
			children = (
				754275F8295ECA6800358B16 /* Info.plist */,
				7504271D295DFDA100F04A5E /* Assets.xcassets */,
				754275F6295EBDB100358B16 /* Colors.xcassets */,
			);
			path = Resources;
			sourceTree = "<group>";
		};
/* End PBXGroup section */

/* Begin PBXNativeTarget section */
		75042715295DFD8B00F04A5E /* Weather */ = {
			isa = PBXNativeTarget;
			buildConfigurationList = 7504273F295DFDA400F04A5E /* Build configuration list for PBXNativeTarget "Weather" */;
			buildPhases = (
				754275F9295EDF8B00358B16 /* SwiftLint */,
				75042712295DFD8B00F04A5E /* Sources */,
				75042713295DFD8B00F04A5E /* Frameworks */,
				75042714295DFD8B00F04A5E /* Resources */,
			);
			buildRules = (
			);
			dependencies = (
			);
			name = Weather;
			productName = Weather;
			productReference = 75042716295DFD8B00F04A5E /* Weather.app */;
			productType = "com.apple.product-type.application";
		};
		7504272A295DFDA300F04A5E /* WeatherTests */ = {
			isa = PBXNativeTarget;
			buildConfigurationList = 75042742295DFDA400F04A5E /* Build configuration list for PBXNativeTarget "WeatherTests" */;
			buildPhases = (
				75042727295DFDA300F04A5E /* Sources */,
				75042728295DFDA300F04A5E /* Frameworks */,
				75042729295DFDA300F04A5E /* Resources */,
			);
			buildRules = (
			);
			dependencies = (
				7504272D295DFDA300F04A5E /* PBXTargetDependency */,
			);
			name = WeatherTests;
			productName = WeatherTests;
			productReference = 7504272B295DFDA300F04A5E /* WeatherTests.xctest */;
			productType = "com.apple.product-type.bundle.unit-test";
		};
		75042734295DFDA300F04A5E /* WeatherUITests */ = {
			isa = PBXNativeTarget;
			buildConfigurationList = 75042745295DFDA400F04A5E /* Build configuration list for PBXNativeTarget "WeatherUITests" */;
			buildPhases = (
				75042731295DFDA300F04A5E /* Sources */,
				75042732295DFDA300F04A5E /* Frameworks */,
				75042733295DFDA300F04A5E /* Resources */,
			);
			buildRules = (
			);
			dependencies = (
				75042737295DFDA400F04A5E /* PBXTargetDependency */,
			);
			name = WeatherUITests;
			productName = WeatherUITests;
			productReference = 75042735295DFDA300F04A5E /* WeatherUITests.xctest */;
			productType = "com.apple.product-type.bundle.ui-testing";
		};
/* End PBXNativeTarget section */

/* Begin PBXProject section */
		7504270E295DFD8B00F04A5E /* Project object */ = {
			isa = PBXProject;
			attributes = {
				BuildIndependentTargetsInParallel = 1;
				LastSwiftUpdateCheck = 1410;
				LastUpgradeCheck = 1410;
				TargetAttributes = {
					75042715295DFD8B00F04A5E = {
						CreatedOnToolsVersion = 14.1;
					};
					7504272A295DFDA300F04A5E = {
						CreatedOnToolsVersion = 14.1;
						TestTargetID = 75042715295DFD8B00F04A5E;
					};
					75042734295DFDA300F04A5E = {
						CreatedOnToolsVersion = 14.1;
						TestTargetID = 75042715295DFD8B00F04A5E;
					};
				};
			};
			buildConfigurationList = 75042711295DFD8B00F04A5E /* Build configuration list for PBXProject "Weather" */;
			compatibilityVersion = "Xcode 14.0";
			developmentRegion = en;
			hasScannedForEncodings = 0;
			knownRegions = (
				en,
				Base,
			);
			mainGroup = 7504270D295DFD8B00F04A5E;
			productRefGroup = 75042717295DFD8B00F04A5E /* Products */;
			projectDirPath = "";
			projectRoot = "";
			targets = (
				75042715295DFD8B00F04A5E /* Weather */,
				7504272A295DFDA300F04A5E /* WeatherTests */,
				75042734295DFDA300F04A5E /* WeatherUITests */,
			);
		};
/* End PBXProject section */

/* Begin PBXResourcesBuildPhase section */
		75042714295DFD8B00F04A5E /* Resources */ = {
			isa = PBXResourcesBuildPhase;
			buildActionMask = 2147483647;
			files = (
				754275F7295EBDB100358B16 /* Colors.xcassets in Resources */,
				75042721295DFDA100F04A5E /* Preview Assets.xcassets in Resources */,
				7504271E295DFDA100F04A5E /* Assets.xcassets in Resources */,
			);
			runOnlyForDeploymentPostprocessing = 0;
		};
		75042729295DFDA300F04A5E /* Resources */ = {
			isa = PBXResourcesBuildPhase;
			buildActionMask = 2147483647;
			files = (
				7504276E295E1C0B00F04A5E /* forecast5.json in Resources */,
				7504276C295E1BCF00F04A5E /* current.json in Resources */,
			);
			runOnlyForDeploymentPostprocessing = 0;
		};
		75042733295DFDA300F04A5E /* Resources */ = {
			isa = PBXResourcesBuildPhase;
			buildActionMask = 2147483647;
			files = (
			);
			runOnlyForDeploymentPostprocessing = 0;
		};
/* End PBXResourcesBuildPhase section */

/* Begin PBXShellScriptBuildPhase section */
		754275F9295EDF8B00358B16 /* SwiftLint */ = {
			isa = PBXShellScriptBuildPhase;
			buildActionMask = 2147483647;
			files = (
			);
			inputFileListPaths = (
			);
			inputPaths = (
			);
			name = SwiftLint;
			outputFileListPaths = (
			);
			outputPaths = (
			);
			runOnlyForDeploymentPostprocessing = 0;
			shellPath = /bin/sh;
			shellScript = "$SRCROOT/Scripts/build-phases/swiftlint.sh\n";
		};
/* End PBXShellScriptBuildPhase section */

/* Begin PBXSourcesBuildPhase section */
		75042712295DFD8B00F04A5E /* Sources */ = {
			isa = PBXSourcesBuildPhase;
			buildActionMask = 2147483647;
			files = (
				75042726295DFDA100F04A5E /* Weather.xcdatamodeld in Sources */,
				75042723295DFDA100F04A5E /* Persistence.swift in Sources */,
				7504271C295DFD8B00F04A5E /* ContentView.swift in Sources */,
				7504271A295DFD8B00F04A5E /* WeatherApp.swift in Sources */,
			);
			runOnlyForDeploymentPostprocessing = 0;
		};
		75042727295DFDA300F04A5E /* Sources */ = {
			isa = PBXSourcesBuildPhase;
			buildActionMask = 2147483647;
			files = (
				75042730295DFDA300F04A5E /* WeatherTests.swift in Sources */,
			);
			runOnlyForDeploymentPostprocessing = 0;
		};
		75042731295DFDA300F04A5E /* Sources */ = {
			isa = PBXSourcesBuildPhase;
			buildActionMask = 2147483647;
			files = (
				7504273A295DFDA400F04A5E /* WeatherUITests.swift in Sources */,
				7504273C295DFDA400F04A5E /* WeatherUITestsLaunchTests.swift in Sources */,
			);
			runOnlyForDeploymentPostprocessing = 0;
		};
/* End PBXSourcesBuildPhase section */

/* Begin PBXTargetDependency section */
		7504272D295DFDA300F04A5E /* PBXTargetDependency */ = {
			isa = PBXTargetDependency;
			target = 75042715295DFD8B00F04A5E /* Weather */;
			targetProxy = 7504272C295DFDA300F04A5E /* PBXContainerItemProxy */;
		};
		75042737295DFDA400F04A5E /* PBXTargetDependency */ = {
			isa = PBXTargetDependency;
			target = 75042715295DFD8B00F04A5E /* Weather */;
			targetProxy = 75042736295DFDA400F04A5E /* PBXContainerItemProxy */;
		};
/* End PBXTargetDependency section */

/* Begin XCBuildConfiguration section */
		7504273D295DFDA400F04A5E /* Debug */ = {
			isa = XCBuildConfiguration;
			buildSettings = {
				ALWAYS_SEARCH_USER_PATHS = NO;
				CLANG_ANALYZER_NONNULL = YES;
				CLANG_ANALYZER_NUMBER_OBJECT_CONVERSION = YES_AGGRESSIVE;
				CLANG_CXX_LANGUAGE_STANDARD = "gnu++20";
				CLANG_ENABLE_MODULES = YES;
				CLANG_ENABLE_OBJC_ARC = YES;
				CLANG_ENABLE_OBJC_WEAK = YES;
				CLANG_WARN_BLOCK_CAPTURE_AUTORELEASING = YES;
				CLANG_WARN_BOOL_CONVERSION = YES;
				CLANG_WARN_COMMA = YES;
				CLANG_WARN_CONSTANT_CONVERSION = YES;
				CLANG_WARN_DEPRECATED_OBJC_IMPLEMENTATIONS = YES;
				CLANG_WARN_DIRECT_OBJC_ISA_USAGE = YES_ERROR;
				CLANG_WARN_DOCUMENTATION_COMMENTS = YES;
				CLANG_WARN_EMPTY_BODY = YES;
				CLANG_WARN_ENUM_CONVERSION = YES;
				CLANG_WARN_INFINITE_RECURSION = YES;
				CLANG_WARN_INT_CONVERSION = YES;
				CLANG_WARN_NON_LITERAL_NULL_CONVERSION = YES;
				CLANG_WARN_OBJC_IMPLICIT_RETAIN_SELF = YES;
				CLANG_WARN_OBJC_LITERAL_CONVERSION = YES;
				CLANG_WARN_OBJC_ROOT_CLASS = YES_ERROR;
				CLANG_WARN_QUOTED_INCLUDE_IN_FRAMEWORK_HEADER = YES;
				CLANG_WARN_RANGE_LOOP_ANALYSIS = YES;
				CLANG_WARN_STRICT_PROTOTYPES = YES;
				CLANG_WARN_SUSPICIOUS_MOVE = YES;
				CLANG_WARN_UNGUARDED_AVAILABILITY = YES_AGGRESSIVE;
				CLANG_WARN_UNREACHABLE_CODE = YES;
				CLANG_WARN__DUPLICATE_METHOD_MATCH = YES;
				COPY_PHASE_STRIP = NO;
				DEBUG_INFORMATION_FORMAT = dwarf;
				ENABLE_STRICT_OBJC_MSGSEND = YES;
				ENABLE_TESTABILITY = YES;
				GCC_C_LANGUAGE_STANDARD = gnu11;
				GCC_DYNAMIC_NO_PIC = NO;
				GCC_NO_COMMON_BLOCKS = YES;
				GCC_OPTIMIZATION_LEVEL = 0;
				GCC_PREPROCESSOR_DEFINITIONS = (
					"DEBUG=1",
					"$(inherited)",
				);
				GCC_WARN_64_TO_32_BIT_CONVERSION = YES;
				GCC_WARN_ABOUT_RETURN_TYPE = YES_ERROR;
				GCC_WARN_UNDECLARED_SELECTOR = YES;
				GCC_WARN_UNINITIALIZED_AUTOS = YES_AGGRESSIVE;
				GCC_WARN_UNUSED_FUNCTION = YES;
				GCC_WARN_UNUSED_VARIABLE = YES;
				IPHONEOS_DEPLOYMENT_TARGET = 16.1;
				MTL_ENABLE_DEBUG_INFO = INCLUDE_SOURCE;
				MTL_FAST_MATH = YES;
				ONLY_ACTIVE_ARCH = YES;
				SDKROOT = iphoneos;
				SWIFT_ACTIVE_COMPILATION_CONDITIONS = DEBUG;
				SWIFT_OPTIMIZATION_LEVEL = "-Onone";
			};
			name = Debug;
		};
		7504273E295DFDA400F04A5E /* Release */ = {
			isa = XCBuildConfiguration;
			buildSettings = {
				ALWAYS_SEARCH_USER_PATHS = NO;
				CLANG_ANALYZER_NONNULL = YES;
				CLANG_ANALYZER_NUMBER_OBJECT_CONVERSION = YES_AGGRESSIVE;
				CLANG_CXX_LANGUAGE_STANDARD = "gnu++20";
				CLANG_ENABLE_MODULES = YES;
				CLANG_ENABLE_OBJC_ARC = YES;
				CLANG_ENABLE_OBJC_WEAK = YES;
				CLANG_WARN_BLOCK_CAPTURE_AUTORELEASING = YES;
				CLANG_WARN_BOOL_CONVERSION = YES;
				CLANG_WARN_COMMA = YES;
				CLANG_WARN_CONSTANT_CONVERSION = YES;
				CLANG_WARN_DEPRECATED_OBJC_IMPLEMENTATIONS = YES;
				CLANG_WARN_DIRECT_OBJC_ISA_USAGE = YES_ERROR;
				CLANG_WARN_DOCUMENTATION_COMMENTS = YES;
				CLANG_WARN_EMPTY_BODY = YES;
				CLANG_WARN_ENUM_CONVERSION = YES;
				CLANG_WARN_INFINITE_RECURSION = YES;
				CLANG_WARN_INT_CONVERSION = YES;
				CLANG_WARN_NON_LITERAL_NULL_CONVERSION = YES;
				CLANG_WARN_OBJC_IMPLICIT_RETAIN_SELF = YES;
				CLANG_WARN_OBJC_LITERAL_CONVERSION = YES;
				CLANG_WARN_OBJC_ROOT_CLASS = YES_ERROR;
				CLANG_WARN_QUOTED_INCLUDE_IN_FRAMEWORK_HEADER = YES;
				CLANG_WARN_RANGE_LOOP_ANALYSIS = YES;
				CLANG_WARN_STRICT_PROTOTYPES = YES;
				CLANG_WARN_SUSPICIOUS_MOVE = YES;
				CLANG_WARN_UNGUARDED_AVAILABILITY = YES_AGGRESSIVE;
				CLANG_WARN_UNREACHABLE_CODE = YES;
				CLANG_WARN__DUPLICATE_METHOD_MATCH = YES;
				COPY_PHASE_STRIP = NO;
				DEBUG_INFORMATION_FORMAT = "dwarf-with-dsym";
				ENABLE_NS_ASSERTIONS = NO;
				ENABLE_STRICT_OBJC_MSGSEND = YES;
				GCC_C_LANGUAGE_STANDARD = gnu11;
				GCC_NO_COMMON_BLOCKS = YES;
				GCC_WARN_64_TO_32_BIT_CONVERSION = YES;
				GCC_WARN_ABOUT_RETURN_TYPE = YES_ERROR;
				GCC_WARN_UNDECLARED_SELECTOR = YES;
				GCC_WARN_UNINITIALIZED_AUTOS = YES_AGGRESSIVE;
				GCC_WARN_UNUSED_FUNCTION = YES;
				GCC_WARN_UNUSED_VARIABLE = YES;
				IPHONEOS_DEPLOYMENT_TARGET = 16.1;
				MTL_ENABLE_DEBUG_INFO = NO;
				MTL_FAST_MATH = YES;
				SDKROOT = iphoneos;
				SWIFT_COMPILATION_MODE = wholemodule;
				SWIFT_OPTIMIZATION_LEVEL = "-O";
				VALIDATE_PRODUCT = YES;
			};
			name = Release;
		};
		75042740295DFDA400F04A5E /* Debug */ = {
			isa = XCBuildConfiguration;
			buildSettings = {
				ASSETCATALOG_COMPILER_APPICON_NAME = AppIcon;
				ASSETCATALOG_COMPILER_GLOBAL_ACCENT_COLOR_NAME = AccentColor;
				CODE_SIGN_STYLE = Automatic;
				CURRENT_PROJECT_VERSION = 1;
				DEVELOPMENT_ASSET_PATHS = "\"Weather/Preview Content\"";
				DEVELOPMENT_TEAM = SDHT5QWC78;
				ENABLE_PREVIEWS = YES;
				GENERATE_INFOPLIST_FILE = YES;
				INFOPLIST_FILE = Weather/Resources/Info.plist;
				INFOPLIST_KEY_LSApplicationCategoryType = "public.app-category.utilities";
				INFOPLIST_KEY_NSLocationWhenInUseUsageDescription = "Weather will use you location to show you the weather forcast";
				INFOPLIST_KEY_UIApplicationSceneManifest_Generation = YES;
				INFOPLIST_KEY_UIApplicationSupportsIndirectInputEvents = YES;
				INFOPLIST_KEY_UILaunchScreen_Generation = YES;
				INFOPLIST_KEY_UISupportedInterfaceOrientations = "UIInterfaceOrientationLandscapeLeft UIInterfaceOrientationLandscapeRight UIInterfaceOrientationPortrait";
				IPHONEOS_DEPLOYMENT_TARGET = 14.0;
				LD_RUNPATH_SEARCH_PATHS = (
					"$(inherited)",
					"@executable_path/Frameworks",
				);
				MARKETING_VERSION = 1.0;
				PRODUCT_BUNDLE_IDENTIFIER = com.mwadime.Weather;
				PRODUCT_NAME = "$(TARGET_NAME)";
				SUPPORTED_PLATFORMS = "iphoneos iphonesimulator";
				SUPPORTS_MACCATALYST = NO;
				SUPPORTS_MAC_DESIGNED_FOR_IPHONE_IPAD = NO;
				SWIFT_EMIT_LOC_STRINGS = YES;
				SWIFT_VERSION = 5.0;
				TARGETED_DEVICE_FAMILY = "1,2";
			};
			name = Debug;
		};
		75042741295DFDA400F04A5E /* Release */ = {
			isa = XCBuildConfiguration;
			buildSettings = {
				ASSETCATALOG_COMPILER_APPICON_NAME = AppIcon;
				ASSETCATALOG_COMPILER_GLOBAL_ACCENT_COLOR_NAME = AccentColor;
				CODE_SIGN_STYLE = Automatic;
				CURRENT_PROJECT_VERSION = 1;
				DEVELOPMENT_ASSET_PATHS = "\"Weather/Preview Content\"";
				DEVELOPMENT_TEAM = SDHT5QWC78;
				ENABLE_PREVIEWS = YES;
				GENERATE_INFOPLIST_FILE = YES;
				INFOPLIST_FILE = Weather/Resources/Info.plist;
				INFOPLIST_KEY_LSApplicationCategoryType = "public.app-category.utilities";
				INFOPLIST_KEY_NSLocationWhenInUseUsageDescription = "Weather will use you location to show you the weather forcast";
				INFOPLIST_KEY_UIApplicationSceneManifest_Generation = YES;
				INFOPLIST_KEY_UIApplicationSupportsIndirectInputEvents = YES;
				INFOPLIST_KEY_UILaunchScreen_Generation = YES;
				INFOPLIST_KEY_UISupportedInterfaceOrientations = "UIInterfaceOrientationLandscapeLeft UIInterfaceOrientationLandscapeRight UIInterfaceOrientationPortrait";
				IPHONEOS_DEPLOYMENT_TARGET = 14.0;
				LD_RUNPATH_SEARCH_PATHS = (
					"$(inherited)",
					"@executable_path/Frameworks",
				);
				MARKETING_VERSION = 1.0;
				PRODUCT_BUNDLE_IDENTIFIER = com.mwadime.Weather;
				PRODUCT_NAME = "$(TARGET_NAME)";
				SUPPORTED_PLATFORMS = "iphoneos iphonesimulator";
				SUPPORTS_MACCATALYST = NO;
				SUPPORTS_MAC_DESIGNED_FOR_IPHONE_IPAD = NO;
				SWIFT_EMIT_LOC_STRINGS = YES;
				SWIFT_VERSION = 5.0;
				TARGETED_DEVICE_FAMILY = "1,2";
			};
			name = Release;
		};
		75042743295DFDA400F04A5E /* Debug */ = {
			isa = XCBuildConfiguration;
			buildSettings = {
				ALWAYS_EMBED_SWIFT_STANDARD_LIBRARIES = YES;
				BUNDLE_LOADER = "$(TEST_HOST)";
				CODE_SIGN_STYLE = Automatic;
				CURRENT_PROJECT_VERSION = 1;
				DEVELOPMENT_TEAM = SDHT5QWC78;
				GENERATE_INFOPLIST_FILE = YES;
				IPHONEOS_DEPLOYMENT_TARGET = 16.1;
				MARKETING_VERSION = 1.0;
				PRODUCT_BUNDLE_IDENTIFIER = com.mwadime.WeatherTests;
				PRODUCT_NAME = "$(TARGET_NAME)";
				SWIFT_EMIT_LOC_STRINGS = NO;
				SWIFT_VERSION = 5.0;
				TARGETED_DEVICE_FAMILY = "1,2";
				TEST_HOST = "$(BUILT_PRODUCTS_DIR)/Weather.app/$(BUNDLE_EXECUTABLE_FOLDER_PATH)/Weather";
			};
			name = Debug;
		};
		75042744295DFDA400F04A5E /* Release */ = {
			isa = XCBuildConfiguration;
			buildSettings = {
				ALWAYS_EMBED_SWIFT_STANDARD_LIBRARIES = YES;
				BUNDLE_LOADER = "$(TEST_HOST)";
				CODE_SIGN_STYLE = Automatic;
				CURRENT_PROJECT_VERSION = 1;
				DEVELOPMENT_TEAM = SDHT5QWC78;
				GENERATE_INFOPLIST_FILE = YES;
				IPHONEOS_DEPLOYMENT_TARGET = 16.1;
				MARKETING_VERSION = 1.0;
				PRODUCT_BUNDLE_IDENTIFIER = com.mwadime.WeatherTests;
				PRODUCT_NAME = "$(TARGET_NAME)";
				SWIFT_EMIT_LOC_STRINGS = NO;
				SWIFT_VERSION = 5.0;
				TARGETED_DEVICE_FAMILY = "1,2";
				TEST_HOST = "$(BUILT_PRODUCTS_DIR)/Weather.app/$(BUNDLE_EXECUTABLE_FOLDER_PATH)/Weather";
			};
			name = Release;
		};
		75042746295DFDA400F04A5E /* Debug */ = {
			isa = XCBuildConfiguration;
			buildSettings = {
				ALWAYS_EMBED_SWIFT_STANDARD_LIBRARIES = YES;
				CODE_SIGN_STYLE = Automatic;
				CURRENT_PROJECT_VERSION = 1;
				DEVELOPMENT_TEAM = SDHT5QWC78;
				GENERATE_INFOPLIST_FILE = YES;
				MARKETING_VERSION = 1.0;
				PRODUCT_BUNDLE_IDENTIFIER = com.mwadime.WeatherUITests;
				PRODUCT_NAME = "$(TARGET_NAME)";
				SWIFT_EMIT_LOC_STRINGS = NO;
				SWIFT_VERSION = 5.0;
				TARGETED_DEVICE_FAMILY = "1,2";
				TEST_TARGET_NAME = Weather;
			};
			name = Debug;
		};
		75042747295DFDA400F04A5E /* Release */ = {
			isa = XCBuildConfiguration;
			buildSettings = {
				ALWAYS_EMBED_SWIFT_STANDARD_LIBRARIES = YES;
				CODE_SIGN_STYLE = Automatic;
				CURRENT_PROJECT_VERSION = 1;
				DEVELOPMENT_TEAM = SDHT5QWC78;
				GENERATE_INFOPLIST_FILE = YES;
				MARKETING_VERSION = 1.0;
				PRODUCT_BUNDLE_IDENTIFIER = com.mwadime.WeatherUITests;
				PRODUCT_NAME = "$(TARGET_NAME)";
				SWIFT_EMIT_LOC_STRINGS = NO;
				SWIFT_VERSION = 5.0;
				TARGETED_DEVICE_FAMILY = "1,2";
				TEST_TARGET_NAME = Weather;
			};
			name = Release;
		};
/* End XCBuildConfiguration section */

/* Begin XCConfigurationList section */
		75042711295DFD8B00F04A5E /* Build configuration list for PBXProject "Weather" */ = {
			isa = XCConfigurationList;
			buildConfigurations = (
				7504273D295DFDA400F04A5E /* Debug */,
				7504273E295DFDA400F04A5E /* Release */,
			);
			defaultConfigurationIsVisible = 0;
			defaultConfigurationName = Release;
		};
		7504273F295DFDA400F04A5E /* Build configuration list for PBXNativeTarget "Weather" */ = {
			isa = XCConfigurationList;
			buildConfigurations = (
				75042740295DFDA400F04A5E /* Debug */,
				75042741295DFDA400F04A5E /* Release */,
			);
			defaultConfigurationIsVisible = 0;
			defaultConfigurationName = Release;
		};
		75042742295DFDA400F04A5E /* Build configuration list for PBXNativeTarget "WeatherTests" */ = {
			isa = XCConfigurationList;
			buildConfigurations = (
				75042743295DFDA400F04A5E /* Debug */,
				75042744295DFDA400F04A5E /* Release */,
			);
			defaultConfigurationIsVisible = 0;
			defaultConfigurationName = Release;
		};
		75042745295DFDA400F04A5E /* Build configuration list for PBXNativeTarget "WeatherUITests" */ = {
			isa = XCConfigurationList;
			buildConfigurations = (
				75042746295DFDA400F04A5E /* Debug */,
				75042747295DFDA400F04A5E /* Release */,
			);
			defaultConfigurationIsVisible = 0;
			defaultConfigurationName = Release;
		};
/* End XCConfigurationList section */

/* Begin XCVersionGroup section */
		75042724295DFDA100F04A5E /* Weather.xcdatamodeld */ = {
			isa = XCVersionGroup;
			children = (
				75042725295DFDA100F04A5E /* Weather.xcdatamodel */,
			);
			currentVersion = 75042725295DFDA100F04A5E /* Weather.xcdatamodel */;
			path = Weather.xcdatamodeld;
			sourceTree = "<group>";
			versionGroupType = wrapper.xcdatamodel;
		};
/* End XCVersionGroup section */
	};
	rootObject = 7504270E295DFD8B00F04A5E /* Project object */;
}
