// !$*UTF8*$!
{
	archiveVersion = 1;
	classes = {
	};
	objectVersion = 56;
	objects = {

/* Begin PBXBuildFile section */
		7504271A295DFD8B00F04A5E /* WeatherApp.swift in Sources */ = {isa = PBXBuildFile; fileRef = 75042719295DFD8B00F04A5E /* WeatherApp.swift */; };
		7504271C295DFD8B00F04A5E /* ContentView.swift in Sources */ = {isa = PBXBuildFile; fileRef = 7504271B295DFD8B00F04A5E /* ContentView.swift */; };
		7504271E295DFDA100F04A5E /* Assets.xcassets in Resources */ = {isa = PBXBuildFile; fileRef = 7504271D295DFDA100F04A5E /* Assets.xcassets */; };
		75042721295DFDA100F04A5E /* Preview Assets.xcassets in Resources */ = {isa = PBXBuildFile; fileRef = 75042720295DFDA100F04A5E /* Preview Assets.xcassets */; };
		7504273A295DFDA400F04A5E /* WeatherUITests.swift in Sources */ = {isa = PBXBuildFile; fileRef = 75042739295DFDA400F04A5E /* WeatherUITests.swift */; };
		7504273C295DFDA400F04A5E /* WeatherUITestsLaunchTests.swift in Sources */ = {isa = PBXBuildFile; fileRef = 7504273B295DFDA400F04A5E /* WeatherUITestsLaunchTests.swift */; };
		7504276C295E1BCF00F04A5E /* current.json in Resources */ = {isa = PBXBuildFile; fileRef = 7504276B295E1BCF00F04A5E /* current.json */; };
		7504276E295E1C0B00F04A5E /* forecast5.json in Resources */ = {isa = PBXBuildFile; fileRef = 7504276D295E1C0B00F04A5E /* forecast5.json */; };
		7505240C29687C34001928C4 /* MapView.swift in Sources */ = {isa = PBXBuildFile; fileRef = 7505240B29687C34001928C4 /* MapView.swift */; };
		7512A3EF2965883B005D7311 /* Localizable.strings in Resources */ = {isa = PBXBuildFile; fileRef = 7512A3F12965883B005D7311 /* Localizable.strings */; };
		7512A3F3296597BF005D7311 /* SelectLocationView.swift in Sources */ = {isa = PBXBuildFile; fileRef = 7512A3F2296597BF005D7311 /* SelectLocationView.swift */; };
		7512A3F529659880005D7311 /* WelcomeView.swift in Sources */ = {isa = PBXBuildFile; fileRef = 7512A3F429659880005D7311 /* WelcomeView.swift */; };
		7512A3F72965B6B7005D7311 /* LocationSearchView.swift in Sources */ = {isa = PBXBuildFile; fileRef = 7512A3F62965B6B7005D7311 /* LocationSearchView.swift */; };
		7512A3F92965B73D005D7311 /* LocationSearchViewModelTests.swift in Sources */ = {isa = PBXBuildFile; fileRef = 7512A3F82965B73D005D7311 /* LocationSearchViewModelTests.swift */; };
		7512A3FC2965CACE005D7311 /* FavoriteLocationRepositoryTests.swift in Sources */ = {isa = PBXBuildFile; fileRef = 7512A3FB2965CACE005D7311 /* FavoriteLocationRepositoryTests.swift */; };
		7514EC182961FC3000CE4F97 /* MockWeatherService.swift in Sources */ = {isa = PBXBuildFile; fileRef = 7514EC172961FC3000CE4F97 /* MockWeatherService.swift */; };
		7514EC1A2961FCD000CE4F97 /* WeatherFactory.swift in Sources */ = {isa = PBXBuildFile; fileRef = 7514EC192961FCD000CE4F97 /* WeatherFactory.swift */; };
		7514EC1E2961FD5C00CE4F97 /* WeatherServiceProtocol.swift in Sources */ = {isa = PBXBuildFile; fileRef = 7514EC1D2961FD5C00CE4F97 /* WeatherServiceProtocol.swift */; };
		7514EC202961FDB700CE4F97 /* Forecast.swift in Sources */ = {isa = PBXBuildFile; fileRef = 7514EC1F2961FDB700CE4F97 /* Forecast.swift */; };
		7514EC232961FDD400CE4F97 /* CurrentViewModel.swift in Sources */ = {isa = PBXBuildFile; fileRef = 7514EC222961FDD400CE4F97 /* CurrentViewModel.swift */; };
		7514EC262961FF0F00CE4F97 /* TemperatureView.swift in Sources */ = {isa = PBXBuildFile; fileRef = 7514EC242961FF0F00CE4F97 /* TemperatureView.swift */; };
		7514EC272961FF0F00CE4F97 /* CurrentView.swift in Sources */ = {isa = PBXBuildFile; fileRef = 7514EC252961FF0F00CE4F97 /* CurrentView.swift */; };
		7514EC292961FF2900CE4F97 /* WeatherService.swift in Sources */ = {isa = PBXBuildFile; fileRef = 7514EC282961FF2900CE4F97 /* WeatherService.swift */; };
		751F5A2B29621B1600059853 /* CurrentViewModelTests.swift in Sources */ = {isa = PBXBuildFile; fileRef = 751F5A2A29621B1600059853 /* CurrentViewModelTests.swift */; };
		751F5A2D29621B3500059853 /* ForecastViewModelTests.swift in Sources */ = {isa = PBXBuildFile; fileRef = 751F5A2C29621B3500059853 /* ForecastViewModelTests.swift */; };
		754275F7295EBDB100358B16 /* Colors.xcassets in Resources */ = {isa = PBXBuildFile; fileRef = 754275F6295EBDB100358B16 /* Colors.xcassets */; };
		754275FD295F7B2E00358B16 /* Loader.swift in Sources */ = {isa = PBXBuildFile; fileRef = 754275FC295F7B2D00358B16 /* Loader.swift */; };
		75427600295F7F1800358B16 /* CurrentTests.swift in Sources */ = {isa = PBXBuildFile; fileRef = 754275FF295F7F1800358B16 /* CurrentTests.swift */; };
		75427603295FA6A400358B16 /* Constants.swift in Sources */ = {isa = PBXBuildFile; fileRef = 75427602295FA6A400358B16 /* Constants.swift */; };
		754276062960838900358B16 /* Current.swift in Sources */ = {isa = PBXBuildFile; fileRef = 754276052960838900358B16 /* Current.swift */; };
		754276082960840500358B16 /* ForecastTests.swift in Sources */ = {isa = PBXBuildFile; fileRef = 754276072960840400358B16 /* ForecastTests.swift */; };
		7585FF2D2964F6B20025058B /* RepositoryType.swift in Sources */ = {isa = PBXBuildFile; fileRef = 7585FF2C2964F6B20025058B /* RepositoryType.swift */; };
		7585FF312964F7200025058B /* MockFavoritesRepository.swift in Sources */ = {isa = PBXBuildFile; fileRef = 7585FF302964F71F0025058B /* MockFavoritesRepository.swift */; };
		7585FF342964F89A0025058B /* FavoriteLocationsRepository.swift in Sources */ = {isa = PBXBuildFile; fileRef = 7585FF332964F89A0025058B /* FavoriteLocationsRepository.swift */; };
		7585FF36296500170025058B /* LocationService.swift in Sources */ = {isa = PBXBuildFile; fileRef = 7585FF35296500170025058B /* LocationService.swift */; };
		7585FF382965008A0025058B /* StringExtensions.swift in Sources */ = {isa = PBXBuildFile; fileRef = 7585FF372965008A0025058B /* StringExtensions.swift */; };
		75AF91D12968D78B00EA4C54 /* PersistentContainer.swift in Sources */ = {isa = PBXBuildFile; fileRef = 75AF91D02968D78B00EA4C54 /* PersistentContainer.swift */; };
		75AF91D32969FC0900EA4C54 /* MapAnnotationView.swift in Sources */ = {isa = PBXBuildFile; fileRef = 75AF91D22969FC0900EA4C54 /* MapAnnotationView.swift */; };
		75AF91D6296AA97400EA4C54 /* CurrentWeather+CoreDataClass.swift in Sources */ = {isa = PBXBuildFile; fileRef = 75AF91D4296AA97400EA4C54 /* CurrentWeather+CoreDataClass.swift */; };
		75AF91D7296AA97400EA4C54 /* CurrentWeather+CoreDataProperties.swift in Sources */ = {isa = PBXBuildFile; fileRef = 75AF91D5296AA97400EA4C54 /* CurrentWeather+CoreDataProperties.swift */; };
		75AF91D9296AEC0500EA4C54 /* MapAnnotation.swift in Sources */ = {isa = PBXBuildFile; fileRef = 75AF91D8296AEC0500EA4C54 /* MapAnnotation.swift */; };
		75AF91DB296B08C800EA4C54 /* MockLocationService.swift in Sources */ = {isa = PBXBuildFile; fileRef = 75AF91DA296B08C800EA4C54 /* MockLocationService.swift */; };
		75AF91DD296B094200EA4C54 /* LocationManager.swift in Sources */ = {isa = PBXBuildFile; fileRef = 75AF91DC296B094200EA4C54 /* LocationManager.swift */; };
		75AF91DF296B21E900EA4C54 /* MapAnnotationTests.swift in Sources */ = {isa = PBXBuildFile; fileRef = 75AF91DE296B21E900EA4C54 /* MapAnnotationTests.swift */; };
		75AFC5082963866700CE8F9C /* NetworkErrorTests.swift in Sources */ = {isa = PBXBuildFile; fileRef = 75AFC5072963866700CE8F9C /* NetworkErrorTests.swift */; };
		75AFC50A2964257000CE8F9C /* WeatherServiceTests.swift in Sources */ = {isa = PBXBuildFile; fileRef = 75AFC5092964257000CE8F9C /* WeatherServiceTests.swift */; };
		75AFC50D296442CF00CE8F9C /* MockNetworkService.swift in Sources */ = {isa = PBXBuildFile; fileRef = 75AFC50C296442CF00CE8F9C /* MockNetworkService.swift */; };
		75AFC50F2964445800CE8F9C /* NetworkService.swift in Sources */ = {isa = PBXBuildFile; fileRef = 75AFC50E2964445800CE8F9C /* NetworkService.swift */; };
		75AFC511296449A200CE8F9C /* DefaultNetworkService.swift in Sources */ = {isa = PBXBuildFile; fileRef = 75AFC510296449A200CE8F9C /* DefaultNetworkService.swift */; };
		75B0952E29622DFA00DF3321 /* ForecastViewModel.swift in Sources */ = {isa = PBXBuildFile; fileRef = 75B0952D29622DFA00DF3321 /* ForecastViewModel.swift */; };
		75B0953129623E4B00DF3321 /* DoubleExtensionsTests.swift in Sources */ = {isa = PBXBuildFile; fileRef = 75B0953029623E4B00DF3321 /* DoubleExtensionsTests.swift */; };
		75B0953329623E8400DF3321 /* DateExtensionsTests.swift in Sources */ = {isa = PBXBuildFile; fileRef = 75B0953229623E8400DF3321 /* DateExtensionsTests.swift */; };
		75B0953529623FB800DF3321 /* DateExtensions.swift in Sources */ = {isa = PBXBuildFile; fileRef = 75B0953429623FB800DF3321 /* DateExtensions.swift */; };
		75B0953729623FE900DF3321 /* DateFormatterExtensions.swift in Sources */ = {isa = PBXBuildFile; fileRef = 75B0953629623FE900DF3321 /* DateFormatterExtensions.swift */; };
		75B09539296247BC00DF3321 /* ForecastItemView.swift in Sources */ = {isa = PBXBuildFile; fileRef = 75B09538296247BC00DF3321 /* ForecastItemView.swift */; };
		75B0953B2962485300DF3321 /* ForecastListView.swift in Sources */ = {isa = PBXBuildFile; fileRef = 75B0953A2962485300DF3321 /* ForecastListView.swift */; };
		75B0953D29624AF400DF3321 /* ConditionType.swift in Sources */ = {isa = PBXBuildFile; fileRef = 75B0953C29624AF300DF3321 /* ConditionType.swift */; };
		75B12DA52962043000BD905B /* DoubleExtensions.swift in Sources */ = {isa = PBXBuildFile; fileRef = 75B12DA42962042F00BD905B /* DoubleExtensions.swift */; };
		75B12DA72962079100BD905B /* NetworkError.swift in Sources */ = {isa = PBXBuildFile; fileRef = 75B12DA62962079100BD905B /* NetworkError.swift */; };
		75B1FB4929645BF400BFB9ED /* ConditionTypeTests.swift in Sources */ = {isa = PBXBuildFile; fileRef = 75B1FB4829645BF400BFB9ED /* ConditionTypeTests.swift */; };
		75C173AD29648590000863DD /* FavoritesView.swift in Sources */ = {isa = PBXBuildFile; fileRef = 75C173AC29648590000863DD /* FavoritesView.swift */; };
		75C173AF2964873B000863DD /* FavoritesViewModelTests.swift in Sources */ = {isa = PBXBuildFile; fileRef = 75C173AE2964873A000863DD /* FavoritesViewModelTests.swift */; };
		75C173B32964F09C000863DD /* FavoritesViewModel.swift in Sources */ = {isa = PBXBuildFile; fileRef = 75C173B22964F09C000863DD /* FavoritesViewModel.swift */; };
		75F3B11529660611008B0D7A /* StringExtensionsTests.swift in Sources */ = {isa = PBXBuildFile; fileRef = 75F3B11429660611008B0D7A /* StringExtensionsTests.swift */; };
		75F3B11C29661CDF008B0D7A /* LocationSearchViewModel.swift in Sources */ = {isa = PBXBuildFile; fileRef = 75F3B11B29661CDF008B0D7A /* LocationSearchViewModel.swift */; };
		75F3B11E29662ACA008B0D7A /* ViewExtensions.swift in Sources */ = {isa = PBXBuildFile; fileRef = 75F3B11D29662ACA008B0D7A /* ViewExtensions.swift */; };
		75F3B11F29663593008B0D7A /* Weather.xcdatamodeld in Sources */ = {isa = PBXBuildFile; fileRef = 75042724295DFDA100F04A5E /* Weather.xcdatamodeld */; };
		75F3B12E2966D658008B0D7A /* FavoriteLocation+CoreDataClass.swift in Sources */ = {isa = PBXBuildFile; fileRef = 75F3B12C2966D657008B0D7A /* FavoriteLocation+CoreDataClass.swift */; };
		75F3B12F2966D658008B0D7A /* FavoriteLocation+CoreDataProperties.swift in Sources */ = {isa = PBXBuildFile; fileRef = 75F3B12D2966D657008B0D7A /* FavoriteLocation+CoreDataProperties.swift */; };
		75F3B1392966E4B1008B0D7A /* FavoriteCardView.swift in Sources */ = {isa = PBXBuildFile; fileRef = 75F3B1382966E4B1008B0D7A /* FavoriteCardView.swift */; };
/* End PBXBuildFile section */

/* Begin PBXContainerItemProxy section */
		7504272C295DFDA300F04A5E /* PBXContainerItemProxy */ = {
			isa = PBXContainerItemProxy;
			containerPortal = 7504270E295DFD8B00F04A5E /* Project object */;
			proxyType = 1;
			remoteGlobalIDString = 75042715295DFD8B00F04A5E;
			remoteInfo = Weather;
		};
		75042736295DFDA400F04A5E /* PBXContainerItemProxy */ = {
			isa = PBXContainerItemProxy;
			containerPortal = 7504270E295DFD8B00F04A5E /* Project object */;
			proxyType = 1;
			remoteGlobalIDString = 75042715295DFD8B00F04A5E;
			remoteInfo = Weather;
		};
/* End PBXContainerItemProxy section */

/* Begin PBXFileReference section */
		75042716295DFD8B00F04A5E /* Weather.app */ = {isa = PBXFileReference; explicitFileType = wrapper.application; includeInIndex = 0; path = Weather.app; sourceTree = BUILT_PRODUCTS_DIR; };
		75042719295DFD8B00F04A5E /* WeatherApp.swift */ = {isa = PBXFileReference; lastKnownFileType = sourcecode.swift; path = WeatherApp.swift; sourceTree = "<group>"; };
		7504271B295DFD8B00F04A5E /* ContentView.swift */ = {isa = PBXFileReference; lastKnownFileType = sourcecode.swift; path = ContentView.swift; sourceTree = "<group>"; };
		7504271D295DFDA100F04A5E /* Assets.xcassets */ = {isa = PBXFileReference; lastKnownFileType = folder.assetcatalog; path = Assets.xcassets; sourceTree = "<group>"; };
		75042720295DFDA100F04A5E /* Preview Assets.xcassets */ = {isa = PBXFileReference; lastKnownFileType = folder.assetcatalog; path = "Preview Assets.xcassets"; sourceTree = "<group>"; };
		75042725295DFDA100F04A5E /* Weather.xcdatamodel */ = {isa = PBXFileReference; lastKnownFileType = wrapper.xcdatamodel; path = Weather.xcdatamodel; sourceTree = "<group>"; };
		7504272B295DFDA300F04A5E /* WeatherTests.xctest */ = {isa = PBXFileReference; explicitFileType = wrapper.cfbundle; includeInIndex = 0; path = WeatherTests.xctest; sourceTree = BUILT_PRODUCTS_DIR; };
		75042735295DFDA300F04A5E /* WeatherUITests.xctest */ = {isa = PBXFileReference; explicitFileType = wrapper.cfbundle; includeInIndex = 0; path = WeatherUITests.xctest; sourceTree = BUILT_PRODUCTS_DIR; };
		75042739295DFDA400F04A5E /* WeatherUITests.swift */ = {isa = PBXFileReference; lastKnownFileType = sourcecode.swift; path = WeatherUITests.swift; sourceTree = "<group>"; };
		7504273B295DFDA400F04A5E /* WeatherUITestsLaunchTests.swift */ = {isa = PBXFileReference; lastKnownFileType = sourcecode.swift; path = WeatherUITestsLaunchTests.swift; sourceTree = "<group>"; };
		75042768295E048600F04A5E /* docs */ = {isa = PBXFileReference; lastKnownFileType = folder; path = docs; sourceTree = "<group>"; };
		7504276B295E1BCF00F04A5E /* current.json */ = {isa = PBXFileReference; fileEncoding = 4; lastKnownFileType = text.json; path = current.json; sourceTree = "<group>"; };
		7504276D295E1C0B00F04A5E /* forecast5.json */ = {isa = PBXFileReference; fileEncoding = 4; lastKnownFileType = text.json; path = forecast5.json; sourceTree = "<group>"; };
		7505240B29687C34001928C4 /* MapView.swift */ = {isa = PBXFileReference; lastKnownFileType = sourcecode.swift; path = MapView.swift; sourceTree = "<group>"; };
		7512A3F02965883B005D7311 /* en */ = {isa = PBXFileReference; lastKnownFileType = text.plist.strings; name = en; path = en.lproj/Localizable.strings; sourceTree = "<group>"; };
		7512A3F2296597BF005D7311 /* SelectLocationView.swift */ = {isa = PBXFileReference; lastKnownFileType = sourcecode.swift; path = SelectLocationView.swift; sourceTree = "<group>"; };
		7512A3F429659880005D7311 /* WelcomeView.swift */ = {isa = PBXFileReference; lastKnownFileType = sourcecode.swift; path = WelcomeView.swift; sourceTree = "<group>"; };
		7512A3F62965B6B7005D7311 /* LocationSearchView.swift */ = {isa = PBXFileReference; lastKnownFileType = sourcecode.swift; path = LocationSearchView.swift; sourceTree = "<group>"; };
		7512A3F82965B73D005D7311 /* LocationSearchViewModelTests.swift */ = {isa = PBXFileReference; lastKnownFileType = sourcecode.swift; path = LocationSearchViewModelTests.swift; sourceTree = "<group>"; };
		7512A3FB2965CACE005D7311 /* FavoriteLocationRepositoryTests.swift */ = {isa = PBXFileReference; lastKnownFileType = sourcecode.swift; path = FavoriteLocationRepositoryTests.swift; sourceTree = "<group>"; };
		7514EC072961BED500CE4F97 /* ForecastViewModelTests.swift */ = {isa = PBXFileReference; lastKnownFileType = sourcecode.swift; path = ForecastViewModelTests.swift; sourceTree = "<group>"; };
		7514EC172961FC3000CE4F97 /* MockWeatherService.swift */ = {isa = PBXFileReference; lastKnownFileType = sourcecode.swift; path = MockWeatherService.swift; sourceTree = "<group>"; };
		7514EC192961FCD000CE4F97 /* WeatherFactory.swift */ = {isa = PBXFileReference; lastKnownFileType = sourcecode.swift; name = WeatherFactory.swift; path = WeatherTests/Factories/WeatherFactory.swift; sourceTree = SOURCE_ROOT; };
		7514EC1D2961FD5C00CE4F97 /* WeatherServiceProtocol.swift */ = {isa = PBXFileReference; lastKnownFileType = sourcecode.swift; path = WeatherServiceProtocol.swift; sourceTree = "<group>"; };
		7514EC1F2961FDB700CE4F97 /* Forecast.swift */ = {isa = PBXFileReference; lastKnownFileType = sourcecode.swift; path = Forecast.swift; sourceTree = "<group>"; };
		7514EC222961FDD400CE4F97 /* CurrentViewModel.swift */ = {isa = PBXFileReference; lastKnownFileType = sourcecode.swift; path = CurrentViewModel.swift; sourceTree = "<group>"; };
		7514EC242961FF0F00CE4F97 /* TemperatureView.swift */ = {isa = PBXFileReference; fileEncoding = 4; lastKnownFileType = sourcecode.swift; path = TemperatureView.swift; sourceTree = "<group>"; };
		7514EC252961FF0F00CE4F97 /* CurrentView.swift */ = {isa = PBXFileReference; fileEncoding = 4; lastKnownFileType = sourcecode.swift; path = CurrentView.swift; sourceTree = "<group>"; };
		7514EC282961FF2900CE4F97 /* WeatherService.swift */ = {isa = PBXFileReference; fileEncoding = 4; lastKnownFileType = sourcecode.swift; path = WeatherService.swift; sourceTree = "<group>"; };
		751F5A2A29621B1600059853 /* CurrentViewModelTests.swift */ = {isa = PBXFileReference; lastKnownFileType = sourcecode.swift; path = CurrentViewModelTests.swift; sourceTree = "<group>"; };
		751F5A2C29621B3500059853 /* ForecastViewModelTests.swift */ = {isa = PBXFileReference; lastKnownFileType = sourcecode.swift; path = ForecastViewModelTests.swift; sourceTree = "<group>"; };
		754275F6295EBDB100358B16 /* Colors.xcassets */ = {isa = PBXFileReference; lastKnownFileType = folder.assetcatalog; path = Colors.xcassets; sourceTree = "<group>"; };
		754275F8295ECA6800358B16 /* Info.plist */ = {isa = PBXFileReference; lastKnownFileType = text.plist.xml; path = Info.plist; sourceTree = "<group>"; };
		754275FC295F7B2D00358B16 /* Loader.swift */ = {isa = PBXFileReference; lastKnownFileType = sourcecode.swift; path = Loader.swift; sourceTree = "<group>"; };
		754275FF295F7F1800358B16 /* CurrentTests.swift */ = {isa = PBXFileReference; lastKnownFileType = sourcecode.swift; path = CurrentTests.swift; sourceTree = "<group>"; };
		75427602295FA6A400358B16 /* Constants.swift */ = {isa = PBXFileReference; lastKnownFileType = sourcecode.swift; path = Constants.swift; sourceTree = "<group>"; };
		754276052960838900358B16 /* Current.swift */ = {isa = PBXFileReference; lastKnownFileType = sourcecode.swift; path = Current.swift; sourceTree = "<group>"; };
		754276072960840400358B16 /* ForecastTests.swift */ = {isa = PBXFileReference; lastKnownFileType = sourcecode.swift; path = ForecastTests.swift; sourceTree = "<group>"; };
		7585FF2C2964F6B20025058B /* RepositoryType.swift */ = {isa = PBXFileReference; lastKnownFileType = sourcecode.swift; path = RepositoryType.swift; sourceTree = "<group>"; };
		7585FF302964F71F0025058B /* MockFavoritesRepository.swift */ = {isa = PBXFileReference; lastKnownFileType = sourcecode.swift; path = MockFavoritesRepository.swift; sourceTree = "<group>"; };
		7585FF332964F89A0025058B /* FavoriteLocationsRepository.swift */ = {isa = PBXFileReference; lastKnownFileType = sourcecode.swift; path = FavoriteLocationsRepository.swift; sourceTree = "<group>"; };
		7585FF35296500170025058B /* LocationService.swift */ = {isa = PBXFileReference; lastKnownFileType = sourcecode.swift; path = LocationService.swift; sourceTree = "<group>"; };
		7585FF372965008A0025058B /* StringExtensions.swift */ = {isa = PBXFileReference; lastKnownFileType = sourcecode.swift; path = StringExtensions.swift; sourceTree = "<group>"; };
		75AF91D02968D78B00EA4C54 /* PersistentContainer.swift */ = {isa = PBXFileReference; lastKnownFileType = sourcecode.swift; path = PersistentContainer.swift; sourceTree = "<group>"; };
		75AF91D22969FC0900EA4C54 /* MapAnnotationView.swift */ = {isa = PBXFileReference; lastKnownFileType = sourcecode.swift; path = MapAnnotationView.swift; sourceTree = "<group>"; };
		75AF91D4296AA97400EA4C54 /* CurrentWeather+CoreDataClass.swift */ = {isa = PBXFileReference; fileEncoding = 4; lastKnownFileType = sourcecode.swift; path = "CurrentWeather+CoreDataClass.swift"; sourceTree = "<group>"; };
		75AF91D5296AA97400EA4C54 /* CurrentWeather+CoreDataProperties.swift */ = {isa = PBXFileReference; fileEncoding = 4; lastKnownFileType = sourcecode.swift; path = "CurrentWeather+CoreDataProperties.swift"; sourceTree = "<group>"; };
		75AF91D8296AEC0500EA4C54 /* MapAnnotation.swift */ = {isa = PBXFileReference; lastKnownFileType = sourcecode.swift; path = MapAnnotation.swift; sourceTree = "<group>"; };
		75AF91DA296B08C800EA4C54 /* MockLocationService.swift */ = {isa = PBXFileReference; lastKnownFileType = sourcecode.swift; path = MockLocationService.swift; sourceTree = "<group>"; };
		75AF91DC296B094200EA4C54 /* LocationManager.swift */ = {isa = PBXFileReference; lastKnownFileType = sourcecode.swift; path = LocationManager.swift; sourceTree = "<group>"; };
		75AF91DE296B21E900EA4C54 /* MapAnnotationTests.swift */ = {isa = PBXFileReference; lastKnownFileType = sourcecode.swift; path = MapAnnotationTests.swift; sourceTree = "<group>"; };
		75AFC5072963866700CE8F9C /* NetworkErrorTests.swift */ = {isa = PBXFileReference; lastKnownFileType = sourcecode.swift; path = NetworkErrorTests.swift; sourceTree = "<group>"; };
		75AFC5092964257000CE8F9C /* WeatherServiceTests.swift */ = {isa = PBXFileReference; lastKnownFileType = sourcecode.swift; path = WeatherServiceTests.swift; sourceTree = "<group>"; };
		75AFC50C296442CF00CE8F9C /* MockNetworkService.swift */ = {isa = PBXFileReference; lastKnownFileType = sourcecode.swift; path = MockNetworkService.swift; sourceTree = "<group>"; };
		75AFC50E2964445800CE8F9C /* NetworkService.swift */ = {isa = PBXFileReference; lastKnownFileType = sourcecode.swift; path = NetworkService.swift; sourceTree = "<group>"; };
		75AFC510296449A200CE8F9C /* DefaultNetworkService.swift */ = {isa = PBXFileReference; lastKnownFileType = sourcecode.swift; path = DefaultNetworkService.swift; sourceTree = "<group>"; };
		75B0952D29622DFA00DF3321 /* ForecastViewModel.swift */ = {isa = PBXFileReference; lastKnownFileType = sourcecode.swift; path = ForecastViewModel.swift; sourceTree = "<group>"; };
		75B0953029623E4B00DF3321 /* DoubleExtensionsTests.swift */ = {isa = PBXFileReference; lastKnownFileType = sourcecode.swift; path = DoubleExtensionsTests.swift; sourceTree = "<group>"; };
		75B0953229623E8400DF3321 /* DateExtensionsTests.swift */ = {isa = PBXFileReference; lastKnownFileType = sourcecode.swift; path = DateExtensionsTests.swift; sourceTree = "<group>"; };
		75B0953429623FB800DF3321 /* DateExtensions.swift */ = {isa = PBXFileReference; lastKnownFileType = sourcecode.swift; path = DateExtensions.swift; sourceTree = "<group>"; };
		75B0953629623FE900DF3321 /* DateFormatterExtensions.swift */ = {isa = PBXFileReference; lastKnownFileType = sourcecode.swift; path = DateFormatterExtensions.swift; sourceTree = "<group>"; };
		75B09538296247BC00DF3321 /* ForecastItemView.swift */ = {isa = PBXFileReference; lastKnownFileType = sourcecode.swift; path = ForecastItemView.swift; sourceTree = "<group>"; };
		75B0953A2962485300DF3321 /* ForecastListView.swift */ = {isa = PBXFileReference; lastKnownFileType = sourcecode.swift; path = ForecastListView.swift; sourceTree = "<group>"; };
		75B0953C29624AF300DF3321 /* ConditionType.swift */ = {isa = PBXFileReference; lastKnownFileType = sourcecode.swift; path = ConditionType.swift; sourceTree = "<group>"; };
		75B12DA42962042F00BD905B /* DoubleExtensions.swift */ = {isa = PBXFileReference; fileEncoding = 4; lastKnownFileType = sourcecode.swift; path = DoubleExtensions.swift; sourceTree = "<group>"; };
		75B12DA62962079100BD905B /* NetworkError.swift */ = {isa = PBXFileReference; lastKnownFileType = sourcecode.swift; path = NetworkError.swift; sourceTree = "<group>"; };
		75B1FB4829645BF400BFB9ED /* ConditionTypeTests.swift */ = {isa = PBXFileReference; lastKnownFileType = sourcecode.swift; path = ConditionTypeTests.swift; sourceTree = "<group>"; };
		75C173AC29648590000863DD /* FavoritesView.swift */ = {isa = PBXFileReference; lastKnownFileType = sourcecode.swift; path = FavoritesView.swift; sourceTree = "<group>"; };
		75C173AE2964873A000863DD /* FavoritesViewModelTests.swift */ = {isa = PBXFileReference; lastKnownFileType = sourcecode.swift; path = FavoritesViewModelTests.swift; sourceTree = "<group>"; };
		75C173B22964F09C000863DD /* FavoritesViewModel.swift */ = {isa = PBXFileReference; lastKnownFileType = sourcecode.swift; path = FavoritesViewModel.swift; sourceTree = "<group>"; };
		75F3B11429660611008B0D7A /* StringExtensionsTests.swift */ = {isa = PBXFileReference; lastKnownFileType = sourcecode.swift; path = StringExtensionsTests.swift; sourceTree = "<group>"; };
		75F3B11B29661CDF008B0D7A /* LocationSearchViewModel.swift */ = {isa = PBXFileReference; lastKnownFileType = sourcecode.swift; path = LocationSearchViewModel.swift; sourceTree = "<group>"; };
		75F3B11D29662ACA008B0D7A /* ViewExtensions.swift */ = {isa = PBXFileReference; lastKnownFileType = sourcecode.swift; path = ViewExtensions.swift; sourceTree = "<group>"; };
		75F3B12B2966D0C0008B0D7A /* Weather 2.xcdatamodel */ = {isa = PBXFileReference; lastKnownFileType = wrapper.xcdatamodel; path = "Weather 2.xcdatamodel"; sourceTree = "<group>"; };
		75F3B12C2966D657008B0D7A /* FavoriteLocation+CoreDataClass.swift */ = {isa = PBXFileReference; lastKnownFileType = sourcecode.swift; path = "FavoriteLocation+CoreDataClass.swift"; sourceTree = "<group>"; };
		75F3B12D2966D657008B0D7A /* FavoriteLocation+CoreDataProperties.swift */ = {isa = PBXFileReference; lastKnownFileType = sourcecode.swift; path = "FavoriteLocation+CoreDataProperties.swift"; sourceTree = "<group>"; };
		75F3B1382966E4B1008B0D7A /* FavoriteCardView.swift */ = {isa = PBXFileReference; lastKnownFileType = sourcecode.swift; path = FavoriteCardView.swift; sourceTree = "<group>"; };
		75F3B13A29675194008B0D7A /* README.md */ = {isa = PBXFileReference; lastKnownFileType = net.daringfireball.markdown; path = README.md; sourceTree = "<group>"; };
/* End PBXFileReference section */

/* Begin PBXFrameworksBuildPhase section */
		75042713295DFD8B00F04A5E /* Frameworks */ = {
			isa = PBXFrameworksBuildPhase;
			buildActionMask = 2147483647;
			files = (
			);
			runOnlyForDeploymentPostprocessing = 0;
		};
		75042728295DFDA300F04A5E /* Frameworks */ = {
			isa = PBXFrameworksBuildPhase;
			buildActionMask = 2147483647;
			files = (
			);
			runOnlyForDeploymentPostprocessing = 0;
		};
		75042732295DFDA300F04A5E /* Frameworks */ = {
			isa = PBXFrameworksBuildPhase;
			buildActionMask = 2147483647;
			files = (
			);
			runOnlyForDeploymentPostprocessing = 0;
		};
/* End PBXFrameworksBuildPhase section */

/* Begin PBXGroup section */
		7504270D295DFD8B00F04A5E = {
			isa = PBXGroup;
			children = (
				75F3B13A29675194008B0D7A /* README.md */,
				75042768295E048600F04A5E /* docs */,
				75042718295DFD8B00F04A5E /* Weather */,
				7504272E295DFDA300F04A5E /* WeatherTests */,
				75042738295DFDA400F04A5E /* WeatherUITests */,
				75042717295DFD8B00F04A5E /* Products */,
				7514EC152961FB7400CE4F97 /* Recovered References */,
			);
			sourceTree = "<group>";
		};
		75042717295DFD8B00F04A5E /* Products */ = {
			isa = PBXGroup;
			children = (
				75042716295DFD8B00F04A5E /* Weather.app */,
				7504272B295DFDA300F04A5E /* WeatherTests.xctest */,
				75042735295DFDA300F04A5E /* WeatherUITests.xctest */,
			);
			name = Products;
			sourceTree = "<group>";
		};
		75042718295DFD8B00F04A5E /* Weather */ = {
			isa = PBXGroup;
			children = (
				7585FF322964F8690025058B /* Repositories */,
				75B12DA32962042F00BD905B /* Extensions */,
				7514EC212961FDC300CE4F97 /* ViewModels */,
				7514EC1C2961FD4200CE4F97 /* Protocols */,
				7514EBFB2961B8E400CE4F97 /* Services */,
				7514EBFA2961B8D600CE4F97 /* Views */,
				754276042960836E00358B16 /* Models */,
				75427601295FA69200358B16 /* Utility */,
				754275F5295EBD8E00358B16 /* Resources */,
				75042719295DFD8B00F04A5E /* WeatherApp.swift */,
				75042724295DFDA100F04A5E /* Weather.xcdatamodeld */,
				7504271F295DFDA100F04A5E /* Preview Content */,
			);
			path = Weather;
			sourceTree = "<group>";
		};
		7504271F295DFDA100F04A5E /* Preview Content */ = {
			isa = PBXGroup;
			children = (
				75042720295DFDA100F04A5E /* Preview Assets.xcassets */,
			);
			path = "Preview Content";
			sourceTree = "<group>";
		};
		7504272E295DFDA300F04A5E /* WeatherTests */ = {
			isa = PBXGroup;
			children = (
				7512A3FA2965CAB0005D7311 /* Repositories */,
				75B1FB4729645BCA00BFB9ED /* Factories */,
				75AFC5062963863C00CE8F9C /* Services */,
				75B0952F29623E2F00DF3321 /* Extensions */,
				751F5A2929621AEE00059853 /* ViewModels */,
				7514EC1B2961FCE800CE4F97 /* Utility */,
				7514EC162961FC0E00CE4F97 /* Mocks */,
				754275FE295F7C9E00358B16 /* Models */,
				754275FB295F7B1A00358B16 /* Tools */,
				7504276A295E1B6900F04A5E /* Responses */,
			);
			path = WeatherTests;
			sourceTree = "<group>";
		};
		75042738295DFDA400F04A5E /* WeatherUITests */ = {
			isa = PBXGroup;
			children = (
				75042739295DFDA400F04A5E /* WeatherUITests.swift */,
				7504273B295DFDA400F04A5E /* WeatherUITestsLaunchTests.swift */,
			);
			path = WeatherUITests;
			sourceTree = "<group>";
		};
		7504276A295E1B6900F04A5E /* Responses */ = {
			isa = PBXGroup;
			children = (
				7504276D295E1C0B00F04A5E /* forecast5.json */,
				7504276B295E1BCF00F04A5E /* current.json */,
			);
			path = Responses;
			sourceTree = "<group>";
		};
		7512A3FA2965CAB0005D7311 /* Repositories */ = {
			isa = PBXGroup;
			children = (
				7512A3FB2965CACE005D7311 /* FavoriteLocationRepositoryTests.swift */,
			);
			path = Repositories;
			sourceTree = "<group>";
		};
		7514EBFA2961B8D600CE4F97 /* Views */ = {
			isa = PBXGroup;
			children = (
				7504271B295DFD8B00F04A5E /* ContentView.swift */,
				7514EC252961FF0F00CE4F97 /* CurrentView.swift */,
				7514EC242961FF0F00CE4F97 /* TemperatureView.swift */,
				75B09538296247BC00DF3321 /* ForecastItemView.swift */,
				75B0953A2962485300DF3321 /* ForecastListView.swift */,
				75C173AC29648590000863DD /* FavoritesView.swift */,
				7512A3F2296597BF005D7311 /* SelectLocationView.swift */,
				7512A3F429659880005D7311 /* WelcomeView.swift */,
				7512A3F62965B6B7005D7311 /* LocationSearchView.swift */,
				75F3B1382966E4B1008B0D7A /* FavoriteCardView.swift */,
				7505240B29687C34001928C4 /* MapView.swift */,
				75AF91D22969FC0900EA4C54 /* MapAnnotationView.swift */,
			);
			path = Views;
			sourceTree = "<group>";
		};
		7514EBFB2961B8E400CE4F97 /* Services */ = {
			isa = PBXGroup;
			children = (
				7514EC282961FF2900CE4F97 /* WeatherService.swift */,
				75B12DA62962079100BD905B /* NetworkError.swift */,
				75AFC510296449A200CE8F9C /* DefaultNetworkService.swift */,
				7585FF35296500170025058B /* LocationService.swift */,
			);
			path = Services;
			sourceTree = "<group>";
		};
		7514EC152961FB7400CE4F97 /* Recovered References */ = {
			isa = PBXGroup;
			children = (
				7514EC072961BED500CE4F97 /* ForecastViewModelTests.swift */,
			);
			name = "Recovered References";
			sourceTree = "<group>";
		};
		7514EC162961FC0E00CE4F97 /* Mocks */ = {
			isa = PBXGroup;
			children = (
				7514EC172961FC3000CE4F97 /* MockWeatherService.swift */,
				75AFC50C296442CF00CE8F9C /* MockNetworkService.swift */,
				7585FF302964F71F0025058B /* MockFavoritesRepository.swift */,
				75AF91DA296B08C800EA4C54 /* MockLocationService.swift */,
			);
			path = Mocks;
			sourceTree = "<group>";
		};
		7514EC1B2961FCE800CE4F97 /* Utility */ = {
			isa = PBXGroup;
			children = (
				75B1FB4829645BF400BFB9ED /* ConditionTypeTests.swift */,
			);
			path = Utility;
			sourceTree = "<group>";
		};
		7514EC1C2961FD4200CE4F97 /* Protocols */ = {
			isa = PBXGroup;
			children = (
				7514EC1D2961FD5C00CE4F97 /* WeatherServiceProtocol.swift */,
				75AFC50E2964445800CE8F9C /* NetworkService.swift */,
				7585FF2C2964F6B20025058B /* RepositoryType.swift */,
			);
			path = Protocols;
			sourceTree = "<group>";
		};
		7514EC212961FDC300CE4F97 /* ViewModels */ = {
			isa = PBXGroup;
			children = (
				7514EC222961FDD400CE4F97 /* CurrentViewModel.swift */,
				75B0952D29622DFA00DF3321 /* ForecastViewModel.swift */,
				75C173B22964F09C000863DD /* FavoritesViewModel.swift */,
				75F3B11B29661CDF008B0D7A /* LocationSearchViewModel.swift */,
			);
			path = ViewModels;
			sourceTree = "<group>";
		};
		751F5A2929621AEE00059853 /* ViewModels */ = {
			isa = PBXGroup;
			children = (
				751F5A2A29621B1600059853 /* CurrentViewModelTests.swift */,
				751F5A2C29621B3500059853 /* ForecastViewModelTests.swift */,
				75C173AE2964873A000863DD /* FavoritesViewModelTests.swift */,
				7512A3F82965B73D005D7311 /* LocationSearchViewModelTests.swift */,
			);
			path = ViewModels;
			sourceTree = "<group>";
		};
		754275F5295EBD8E00358B16 /* Resources */ = {
			isa = PBXGroup;
			children = (
				754275F8295ECA6800358B16 /* Info.plist */,
				7504271D295DFDA100F04A5E /* Assets.xcassets */,
				754275F6295EBDB100358B16 /* Colors.xcassets */,
				7512A3F12965883B005D7311 /* Localizable.strings */,
			);
			path = Resources;
			sourceTree = "<group>";
		};
		754275FB295F7B1A00358B16 /* Tools */ = {
			isa = PBXGroup;
			children = (
				754275FC295F7B2D00358B16 /* Loader.swift */,
				75AF91DC296B094200EA4C54 /* LocationManager.swift */,
			);
			path = Tools;
			sourceTree = "<group>";
		};
		754275FE295F7C9E00358B16 /* Models */ = {
			isa = PBXGroup;
			children = (
				754275FF295F7F1800358B16 /* CurrentTests.swift */,
				754276072960840400358B16 /* ForecastTests.swift */,
				75AF91DE296B21E900EA4C54 /* MapAnnotationTests.swift */,
			);
			path = Models;
			sourceTree = "<group>";
		};
		75427601295FA69200358B16 /* Utility */ = {
			isa = PBXGroup;
			children = (
				75427602295FA6A400358B16 /* Constants.swift */,
				75B0953C29624AF300DF3321 /* ConditionType.swift */,
				75AF91D02968D78B00EA4C54 /* PersistentContainer.swift */,
			);
			path = Utility;
			sourceTree = "<group>";
		};
		754276042960836E00358B16 /* Models */ = {
			isa = PBXGroup;
			children = (
				75AF91D4296AA97400EA4C54 /* CurrentWeather+CoreDataClass.swift */,
				75AF91D5296AA97400EA4C54 /* CurrentWeather+CoreDataProperties.swift */,
				75F3B12C2966D657008B0D7A /* FavoriteLocation+CoreDataClass.swift */,
				75F3B12D2966D657008B0D7A /* FavoriteLocation+CoreDataProperties.swift */,
				754276052960838900358B16 /* Current.swift */,
				7514EC1F2961FDB700CE4F97 /* Forecast.swift */,
				75AF91D8296AEC0500EA4C54 /* MapAnnotation.swift */,
			);
			path = Models;
			sourceTree = "<group>";
		};
		7585FF322964F8690025058B /* Repositories */ = {
			isa = PBXGroup;
			children = (
				7585FF332964F89A0025058B /* FavoriteLocationsRepository.swift */,
			);
			path = Repositories;
			sourceTree = "<group>";
		};
		75AFC5062963863C00CE8F9C /* Services */ = {
			isa = PBXGroup;
			children = (
				75AFC5072963866700CE8F9C /* NetworkErrorTests.swift */,
				75AFC5092964257000CE8F9C /* WeatherServiceTests.swift */,
			);
			path = Services;
			sourceTree = "<group>";
		};
		75B0952F29623E2F00DF3321 /* Extensions */ = {
			isa = PBXGroup;
			children = (
				75B0953029623E4B00DF3321 /* DoubleExtensionsTests.swift */,
				75B0953229623E8400DF3321 /* DateExtensionsTests.swift */,
				75F3B11429660611008B0D7A /* StringExtensionsTests.swift */,
			);
			path = Extensions;
			sourceTree = "<group>";
		};
		75B12DA32962042F00BD905B /* Extensions */ = {
			isa = PBXGroup;
			children = (
				75B12DA42962042F00BD905B /* DoubleExtensions.swift */,
				75B0953429623FB800DF3321 /* DateExtensions.swift */,
				75B0953629623FE900DF3321 /* DateFormatterExtensions.swift */,
				7585FF372965008A0025058B /* StringExtensions.swift */,
				75F3B11D29662ACA008B0D7A /* ViewExtensions.swift */,
			);
			path = Extensions;
			sourceTree = "<group>";
		};
		75B1FB4729645BCA00BFB9ED /* Factories */ = {
			isa = PBXGroup;
			children = (
				7514EC192961FCD000CE4F97 /* WeatherFactory.swift */,
			);
			path = Factories;
			sourceTree = "<group>";
		};
/* End PBXGroup section */

/* Begin PBXNativeTarget section */
		75042715295DFD8B00F04A5E /* Weather */ = {
			isa = PBXNativeTarget;
			buildConfigurationList = 7504273F295DFDA400F04A5E /* Build configuration list for PBXNativeTarget "Weather" */;
			buildPhases = (
				754275F9295EDF8B00358B16 /* SwiftLint */,
				75042712295DFD8B00F04A5E /* Sources */,
				75042713295DFD8B00F04A5E /* Frameworks */,
				75042714295DFD8B00F04A5E /* Resources */,
			);
			buildRules = (
			);
			dependencies = (
			);
			name = Weather;
			productName = Weather;
			productReference = 75042716295DFD8B00F04A5E /* Weather.app */;
			productType = "com.apple.product-type.application";
		};
		7504272A295DFDA300F04A5E /* WeatherTests */ = {
			isa = PBXNativeTarget;
			buildConfigurationList = 75042742295DFDA400F04A5E /* Build configuration list for PBXNativeTarget "WeatherTests" */;
			buildPhases = (
				75042727295DFDA300F04A5E /* Sources */,
				75042728295DFDA300F04A5E /* Frameworks */,
				75042729295DFDA300F04A5E /* Resources */,
			);
			buildRules = (
			);
			dependencies = (
				7504272D295DFDA300F04A5E /* PBXTargetDependency */,
			);
			name = WeatherTests;
			productName = WeatherTests;
			productReference = 7504272B295DFDA300F04A5E /* WeatherTests.xctest */;
			productType = "com.apple.product-type.bundle.unit-test";
		};
		75042734295DFDA300F04A5E /* WeatherUITests */ = {
			isa = PBXNativeTarget;
			buildConfigurationList = 75042745295DFDA400F04A5E /* Build configuration list for PBXNativeTarget "WeatherUITests" */;
			buildPhases = (
				75042731295DFDA300F04A5E /* Sources */,
				75042732295DFDA300F04A5E /* Frameworks */,
				75042733295DFDA300F04A5E /* Resources */,
			);
			buildRules = (
			);
			dependencies = (
				75042737295DFDA400F04A5E /* PBXTargetDependency */,
			);
			name = WeatherUITests;
			productName = WeatherUITests;
			productReference = 75042735295DFDA300F04A5E /* WeatherUITests.xctest */;
			productType = "com.apple.product-type.bundle.ui-testing";
		};
/* End PBXNativeTarget section */

/* Begin PBXProject section */
		7504270E295DFD8B00F04A5E /* Project object */ = {
			isa = PBXProject;
			attributes = {
				BuildIndependentTargetsInParallel = 1;
				LastSwiftUpdateCheck = 1410;
				LastUpgradeCheck = 1410;
				TargetAttributes = {
					75042715295DFD8B00F04A5E = {
						CreatedOnToolsVersion = 14.1;
					};
					7504272A295DFDA300F04A5E = {
						CreatedOnToolsVersion = 14.1;
						TestTargetID = 75042715295DFD8B00F04A5E;
					};
					75042734295DFDA300F04A5E = {
						CreatedOnToolsVersion = 14.1;
						TestTargetID = 75042715295DFD8B00F04A5E;
					};
				};
			};
			buildConfigurationList = 75042711295DFD8B00F04A5E /* Build configuration list for PBXProject "Weather" */;
			compatibilityVersion = "Xcode 14.0";
			developmentRegion = en;
			hasScannedForEncodings = 0;
			knownRegions = (
				en,
				Base,
			);
			mainGroup = 7504270D295DFD8B00F04A5E;
			productRefGroup = 75042717295DFD8B00F04A5E /* Products */;
			projectDirPath = "";
			projectRoot = "";
			targets = (
				75042715295DFD8B00F04A5E /* Weather */,
				7504272A295DFDA300F04A5E /* WeatherTests */,
				75042734295DFDA300F04A5E /* WeatherUITests */,
			);
		};
/* End PBXProject section */

/* Begin PBXResourcesBuildPhase section */
		75042714295DFD8B00F04A5E /* Resources */ = {
			isa = PBXResourcesBuildPhase;
			buildActionMask = 2147483647;
			files = (
				754275F7295EBDB100358B16 /* Colors.xcassets in Resources */,
				7512A3EF2965883B005D7311 /* Localizable.strings in Resources */,
				75042721295DFDA100F04A5E /* Preview Assets.xcassets in Resources */,
				7504271E295DFDA100F04A5E /* Assets.xcassets in Resources */,
			);
			runOnlyForDeploymentPostprocessing = 0;
		};
		75042729295DFDA300F04A5E /* Resources */ = {
			isa = PBXResourcesBuildPhase;
			buildActionMask = 2147483647;
			files = (
				7504276E295E1C0B00F04A5E /* forecast5.json in Resources */,
				7504276C295E1BCF00F04A5E /* current.json in Resources */,
			);
			runOnlyForDeploymentPostprocessing = 0;
		};
		75042733295DFDA300F04A5E /* Resources */ = {
			isa = PBXResourcesBuildPhase;
			buildActionMask = 2147483647;
			files = (
			);
			runOnlyForDeploymentPostprocessing = 0;
		};
/* End PBXResourcesBuildPhase section */

/* Begin PBXShellScriptBuildPhase section */
		754275F9295EDF8B00358B16 /* SwiftLint */ = {
			isa = PBXShellScriptBuildPhase;
			buildActionMask = 2147483647;
			files = (
			);
			inputFileListPaths = (
				"$(SRCROOT)/build/build_phases/Weather_swiftlint.xcfilelist",
			);
			inputPaths = (
			);
			name = SwiftLint;
			outputFileListPaths = (
			);
			outputPaths = (
				"$(SRCROOT)/build/build_phases/Weather_swiftlint_static_output",
			);
			runOnlyForDeploymentPostprocessing = 0;
			shellPath = /bin/sh;
			shellScript = "$SRCROOT/Scripts/build-phases/swiftlint.sh\n";
		};
/* End PBXShellScriptBuildPhase section */

/* Begin PBXSourcesBuildPhase section */
		75042712295DFD8B00F04A5E /* Sources */ = {
			isa = PBXSourcesBuildPhase;
			buildActionMask = 2147483647;
			files = (
				75F3B11F29663593008B0D7A /* Weather.xcdatamodeld in Sources */,
				7514EC232961FDD400CE4F97 /* CurrentViewModel.swift in Sources */,
				75F3B12F2966D658008B0D7A /* FavoriteLocation+CoreDataProperties.swift in Sources */,
				7505240C29687C34001928C4 /* MapView.swift in Sources */,
				75B12DA72962079100BD905B /* NetworkError.swift in Sources */,
				7514EC202961FDB700CE4F97 /* Forecast.swift in Sources */,
				75F3B12E2966D658008B0D7A /* FavoriteLocation+CoreDataClass.swift in Sources */,
				7512A3F3296597BF005D7311 /* SelectLocationView.swift in Sources */,
				75427603295FA6A400358B16 /* Constants.swift in Sources */,
				7512A3F529659880005D7311 /* WelcomeView.swift in Sources */,
				75F3B1392966E4B1008B0D7A /* FavoriteCardView.swift in Sources */,
				7514EC1E2961FD5C00CE4F97 /* WeatherServiceProtocol.swift in Sources */,
				75F3B11C29661CDF008B0D7A /* LocationSearchViewModel.swift in Sources */,
				75AF91D9296AEC0500EA4C54 /* MapAnnotation.swift in Sources */,
				7585FF2D2964F6B20025058B /* RepositoryType.swift in Sources */,
				75C173B32964F09C000863DD /* FavoritesViewModel.swift in Sources */,
				7514EC292961FF2900CE4F97 /* WeatherService.swift in Sources */,
				75B0953B2962485300DF3321 /* ForecastListView.swift in Sources */,
				75AF91D7296AA97400EA4C54 /* CurrentWeather+CoreDataProperties.swift in Sources */,
				75F3B11E29662ACA008B0D7A /* ViewExtensions.swift in Sources */,
				7514EC272961FF0F00CE4F97 /* CurrentView.swift in Sources */,
				7585FF342964F89A0025058B /* FavoriteLocationsRepository.swift in Sources */,
				7514EC262961FF0F00CE4F97 /* TemperatureView.swift in Sources */,
				75B0952E29622DFA00DF3321 /* ForecastViewModel.swift in Sources */,
				7585FF382965008A0025058B /* StringExtensions.swift in Sources */,
				7585FF36296500170025058B /* LocationService.swift in Sources */,
				7512A3F72965B6B7005D7311 /* LocationSearchView.swift in Sources */,
				75AF91D32969FC0900EA4C54 /* MapAnnotationView.swift in Sources */,
				75B12DA52962043000BD905B /* DoubleExtensions.swift in Sources */,
				75AFC511296449A200CE8F9C /* DefaultNetworkService.swift in Sources */,
				75AFC50F2964445800CE8F9C /* NetworkService.swift in Sources */,
				75AF91D6296AA97400EA4C54 /* CurrentWeather+CoreDataClass.swift in Sources */,
				754276062960838900358B16 /* Current.swift in Sources */,
				75AF91D12968D78B00EA4C54 /* PersistentContainer.swift in Sources */,
				75B0953529623FB800DF3321 /* DateExtensions.swift in Sources */,
				75B09539296247BC00DF3321 /* ForecastItemView.swift in Sources */,
				75B0953729623FE900DF3321 /* DateFormatterExtensions.swift in Sources */,
				75C173AD29648590000863DD /* FavoritesView.swift in Sources */,
				7504271C295DFD8B00F04A5E /* ContentView.swift in Sources */,
				7504271A295DFD8B00F04A5E /* WeatherApp.swift in Sources */,
				75B0953D29624AF400DF3321 /* ConditionType.swift in Sources */,
			);
			runOnlyForDeploymentPostprocessing = 0;
		};
		75042727295DFDA300F04A5E /* Sources */ = {
			isa = PBXSourcesBuildPhase;
			buildActionMask = 2147483647;
			files = (
				75F3B11529660611008B0D7A /* StringExtensionsTests.swift in Sources */,
				751F5A2D29621B3500059853 /* ForecastViewModelTests.swift in Sources */,
				75B1FB4929645BF400BFB9ED /* ConditionTypeTests.swift in Sources */,
				751F5A2B29621B1600059853 /* CurrentViewModelTests.swift in Sources */,
				7512A3F92965B73D005D7311 /* LocationSearchViewModelTests.swift in Sources */,
				75B0953329623E8400DF3321 /* DateExtensionsTests.swift in Sources */,
				75AFC5082963866700CE8F9C /* NetworkErrorTests.swift in Sources */,
				75427600295F7F1800358B16 /* CurrentTests.swift in Sources */,
				754275FD295F7B2E00358B16 /* Loader.swift in Sources */,
				75AF91DF296B21E900EA4C54 /* MapAnnotationTests.swift in Sources */,
				75B0953129623E4B00DF3321 /* DoubleExtensionsTests.swift in Sources */,
				75C173AF2964873B000863DD /* FavoritesViewModelTests.swift in Sources */,
				754276082960840500358B16 /* ForecastTests.swift in Sources */,
				75AF91DD296B094200EA4C54 /* LocationManager.swift in Sources */,
				75AF91DB296B08C800EA4C54 /* MockLocationService.swift in Sources */,
				75AFC50D296442CF00CE8F9C /* MockNetworkService.swift in Sources */,
				7514EC182961FC3000CE4F97 /* MockWeatherService.swift in Sources */,
				7585FF312964F7200025058B /* MockFavoritesRepository.swift in Sources */,
				7512A3FC2965CACE005D7311 /* FavoriteLocationRepositoryTests.swift in Sources */,
				7514EC1A2961FCD000CE4F97 /* WeatherFactory.swift in Sources */,
				75AFC50A2964257000CE8F9C /* WeatherServiceTests.swift in Sources */,
			);
			runOnlyForDeploymentPostprocessing = 0;
		};
		75042731295DFDA300F04A5E /* Sources */ = {
			isa = PBXSourcesBuildPhase;
			buildActionMask = 2147483647;
			files = (
				7504273A295DFDA400F04A5E /* WeatherUITests.swift in Sources */,
				7504273C295DFDA400F04A5E /* WeatherUITestsLaunchTests.swift in Sources */,
			);
			runOnlyForDeploymentPostprocessing = 0;
		};
/* End PBXSourcesBuildPhase section */

/* Begin PBXTargetDependency section */
		7504272D295DFDA300F04A5E /* PBXTargetDependency */ = {
			isa = PBXTargetDependency;
			target = 75042715295DFD8B00F04A5E /* Weather */;
			targetProxy = 7504272C295DFDA300F04A5E /* PBXContainerItemProxy */;
		};
		75042737295DFDA400F04A5E /* PBXTargetDependency */ = {
			isa = PBXTargetDependency;
			target = 75042715295DFD8B00F04A5E /* Weather */;
			targetProxy = 75042736295DFDA400F04A5E /* PBXContainerItemProxy */;
		};
/* End PBXTargetDependency section */

/* Begin PBXVariantGroup section */
		7512A3F12965883B005D7311 /* Localizable.strings */ = {
			isa = PBXVariantGroup;
			children = (
				7512A3F02965883B005D7311 /* en */,
			);
			name = Localizable.strings;
			sourceTree = "<group>";
		};
/* End PBXVariantGroup section */

/* Begin XCBuildConfiguration section */
		7504273D295DFDA400F04A5E /* Debug */ = {
			isa = XCBuildConfiguration;
			buildSettings = {
				ALWAYS_SEARCH_USER_PATHS = NO;
				CLANG_ANALYZER_NONNULL = YES;
				CLANG_ANALYZER_NUMBER_OBJECT_CONVERSION = YES_AGGRESSIVE;
				CLANG_CXX_LANGUAGE_STANDARD = "gnu++20";
				CLANG_ENABLE_MODULES = YES;
				CLANG_ENABLE_OBJC_ARC = YES;
				CLANG_ENABLE_OBJC_WEAK = YES;
				CLANG_WARN_BLOCK_CAPTURE_AUTORELEASING = YES;
				CLANG_WARN_BOOL_CONVERSION = YES;
				CLANG_WARN_COMMA = YES;
				CLANG_WARN_CONSTANT_CONVERSION = YES;
				CLANG_WARN_DEPRECATED_OBJC_IMPLEMENTATIONS = YES;
				CLANG_WARN_DIRECT_OBJC_ISA_USAGE = YES_ERROR;
				CLANG_WARN_DOCUMENTATION_COMMENTS = YES;
				CLANG_WARN_EMPTY_BODY = YES;
				CLANG_WARN_ENUM_CONVERSION = YES;
				CLANG_WARN_INFINITE_RECURSION = YES;
				CLANG_WARN_INT_CONVERSION = YES;
				CLANG_WARN_NON_LITERAL_NULL_CONVERSION = YES;
				CLANG_WARN_OBJC_IMPLICIT_RETAIN_SELF = YES;
				CLANG_WARN_OBJC_LITERAL_CONVERSION = YES;
				CLANG_WARN_OBJC_ROOT_CLASS = YES_ERROR;
				CLANG_WARN_QUOTED_INCLUDE_IN_FRAMEWORK_HEADER = YES;
				CLANG_WARN_RANGE_LOOP_ANALYSIS = YES;
				CLANG_WARN_STRICT_PROTOTYPES = YES;
				CLANG_WARN_SUSPICIOUS_MOVE = YES;
				CLANG_WARN_UNGUARDED_AVAILABILITY = YES_AGGRESSIVE;
				CLANG_WARN_UNREACHABLE_CODE = YES;
				CLANG_WARN__DUPLICATE_METHOD_MATCH = YES;
				COPY_PHASE_STRIP = NO;
				DEBUG_INFORMATION_FORMAT = dwarf;
				ENABLE_STRICT_OBJC_MSGSEND = YES;
				ENABLE_TESTABILITY = YES;
				GCC_C_LANGUAGE_STANDARD = gnu11;
				GCC_DYNAMIC_NO_PIC = NO;
				GCC_NO_COMMON_BLOCKS = YES;
				GCC_OPTIMIZATION_LEVEL = 0;
				GCC_PREPROCESSOR_DEFINITIONS = (
					"DEBUG=1",
					"$(inherited)",
				);
				GCC_WARN_64_TO_32_BIT_CONVERSION = YES;
				GCC_WARN_ABOUT_RETURN_TYPE = YES_ERROR;
				GCC_WARN_UNDECLARED_SELECTOR = YES;
				GCC_WARN_UNINITIALIZED_AUTOS = YES_AGGRESSIVE;
				GCC_WARN_UNUSED_FUNCTION = YES;
				GCC_WARN_UNUSED_VARIABLE = YES;
				IPHONEOS_DEPLOYMENT_TARGET = 16.1;
				MTL_ENABLE_DEBUG_INFO = INCLUDE_SOURCE;
				MTL_FAST_MATH = YES;
				ONLY_ACTIVE_ARCH = YES;
				SDKROOT = iphoneos;
				SWIFT_ACTIVE_COMPILATION_CONDITIONS = DEBUG;
				SWIFT_OPTIMIZATION_LEVEL = "-Onone";
			};
			name = Debug;
		};
		7504273E295DFDA400F04A5E /* Release */ = {
			isa = XCBuildConfiguration;
			buildSettings = {
				ALWAYS_SEARCH_USER_PATHS = NO;
				CLANG_ANALYZER_NONNULL = YES;
				CLANG_ANALYZER_NUMBER_OBJECT_CONVERSION = YES_AGGRESSIVE;
				CLANG_CXX_LANGUAGE_STANDARD = "gnu++20";
				CLANG_ENABLE_MODULES = YES;
				CLANG_ENABLE_OBJC_ARC = YES;
				CLANG_ENABLE_OBJC_WEAK = YES;
				CLANG_WARN_BLOCK_CAPTURE_AUTORELEASING = YES;
				CLANG_WARN_BOOL_CONVERSION = YES;
				CLANG_WARN_COMMA = YES;
				CLANG_WARN_CONSTANT_CONVERSION = YES;
				CLANG_WARN_DEPRECATED_OBJC_IMPLEMENTATIONS = YES;
				CLANG_WARN_DIRECT_OBJC_ISA_USAGE = YES_ERROR;
				CLANG_WARN_DOCUMENTATION_COMMENTS = YES;
				CLANG_WARN_EMPTY_BODY = YES;
				CLANG_WARN_ENUM_CONVERSION = YES;
				CLANG_WARN_INFINITE_RECURSION = YES;
				CLANG_WARN_INT_CONVERSION = YES;
				CLANG_WARN_NON_LITERAL_NULL_CONVERSION = YES;
				CLANG_WARN_OBJC_IMPLICIT_RETAIN_SELF = YES;
				CLANG_WARN_OBJC_LITERAL_CONVERSION = YES;
				CLANG_WARN_OBJC_ROOT_CLASS = YES_ERROR;
				CLANG_WARN_QUOTED_INCLUDE_IN_FRAMEWORK_HEADER = YES;
				CLANG_WARN_RANGE_LOOP_ANALYSIS = YES;
				CLANG_WARN_STRICT_PROTOTYPES = YES;
				CLANG_WARN_SUSPICIOUS_MOVE = YES;
				CLANG_WARN_UNGUARDED_AVAILABILITY = YES_AGGRESSIVE;
				CLANG_WARN_UNREACHABLE_CODE = YES;
				CLANG_WARN__DUPLICATE_METHOD_MATCH = YES;
				COPY_PHASE_STRIP = NO;
				DEBUG_INFORMATION_FORMAT = "dwarf-with-dsym";
				ENABLE_NS_ASSERTIONS = NO;
				ENABLE_STRICT_OBJC_MSGSEND = YES;
				GCC_C_LANGUAGE_STANDARD = gnu11;
				GCC_NO_COMMON_BLOCKS = YES;
				GCC_WARN_64_TO_32_BIT_CONVERSION = YES;
				GCC_WARN_ABOUT_RETURN_TYPE = YES_ERROR;
				GCC_WARN_UNDECLARED_SELECTOR = YES;
				GCC_WARN_UNINITIALIZED_AUTOS = YES_AGGRESSIVE;
				GCC_WARN_UNUSED_FUNCTION = YES;
				GCC_WARN_UNUSED_VARIABLE = YES;
				IPHONEOS_DEPLOYMENT_TARGET = 16.1;
				MTL_ENABLE_DEBUG_INFO = NO;
				MTL_FAST_MATH = YES;
				SDKROOT = iphoneos;
				SWIFT_COMPILATION_MODE = wholemodule;
				SWIFT_OPTIMIZATION_LEVEL = "-O";
				VALIDATE_PRODUCT = YES;
			};
			name = Release;
		};
		75042740295DFDA400F04A5E /* Debug */ = {
			isa = XCBuildConfiguration;
			buildSettings = {
				ASSETCATALOG_COMPILER_APPICON_NAME = AppIcon;
				ASSETCATALOG_COMPILER_GLOBAL_ACCENT_COLOR_NAME = AccentColor;
				CODE_SIGN_STYLE = Automatic;
				CURRENT_PROJECT_VERSION = 1;
				DEVELOPMENT_ASSET_PATHS = "\"Weather/Preview Content\"";
				DEVELOPMENT_TEAM = SDHT5QWC78;
				ENABLE_PREVIEWS = YES;
				GENERATE_INFOPLIST_FILE = YES;
				INFOPLIST_FILE = Weather/Resources/Info.plist;
				INFOPLIST_KEY_LSApplicationCategoryType = "public.app-category.utilities";
				INFOPLIST_KEY_NSLocationAlwaysUsageDescription = "$(PRODUCT_NAME) will use you location to show you the weather forcast";
				INFOPLIST_KEY_NSLocationWhenInUseUsageDescription = "$(PRODUCT_NAME) will use you location to show you the weather forcast";
				INFOPLIST_KEY_UIApplicationSceneManifest_Generation = YES;
				INFOPLIST_KEY_UIApplicationSupportsIndirectInputEvents = YES;
				INFOPLIST_KEY_UISupportedInterfaceOrientations = "UIInterfaceOrientationLandscapeLeft UIInterfaceOrientationLandscapeRight UIInterfaceOrientationPortrait";
				IPHONEOS_DEPLOYMENT_TARGET = 15.0;
				LD_RUNPATH_SEARCH_PATHS = (
					"$(inherited)",
					"@executable_path/Frameworks",
				);
				MARKETING_VERSION = 1.0;
				PRODUCT_BUNDLE_IDENTIFIER = com.mwadime.Weather;
				PRODUCT_NAME = "$(TARGET_NAME)";
				SUPPORTED_PLATFORMS = "iphoneos iphonesimulator";
				SUPPORTS_MACCATALYST = NO;
				SUPPORTS_MAC_DESIGNED_FOR_IPHONE_IPAD = NO;
				SWIFT_EMIT_LOC_STRINGS = YES;
				SWIFT_VERSION = 5.0;
				TARGETED_DEVICE_FAMILY = 1;
			};
			name = Debug;
		};
		75042741295DFDA400F04A5E /* Release */ = {
			isa = XCBuildConfiguration;
			buildSettings = {
				ASSETCATALOG_COMPILER_APPICON_NAME = AppIcon;
				ASSETCATALOG_COMPILER_GLOBAL_ACCENT_COLOR_NAME = AccentColor;
				CODE_SIGN_STYLE = Automatic;
				CURRENT_PROJECT_VERSION = 1;
				DEVELOPMENT_ASSET_PATHS = "\"Weather/Preview Content\"";
				DEVELOPMENT_TEAM = SDHT5QWC78;
				ENABLE_PREVIEWS = YES;
				GENERATE_INFOPLIST_FILE = YES;
				INFOPLIST_FILE = Weather/Resources/Info.plist;
				INFOPLIST_KEY_LSApplicationCategoryType = "public.app-category.utilities";
				INFOPLIST_KEY_NSLocationAlwaysUsageDescription = "$(PRODUCT_NAME) will use you location to show you the weather forcast";
				INFOPLIST_KEY_NSLocationWhenInUseUsageDescription = "$(PRODUCT_NAME) will use you location to show you the weather forcast";
				INFOPLIST_KEY_UIApplicationSceneManifest_Generation = YES;
				INFOPLIST_KEY_UIApplicationSupportsIndirectInputEvents = YES;
				INFOPLIST_KEY_UISupportedInterfaceOrientations = "UIInterfaceOrientationLandscapeLeft UIInterfaceOrientationLandscapeRight UIInterfaceOrientationPortrait";
				IPHONEOS_DEPLOYMENT_TARGET = 15.0;
				LD_RUNPATH_SEARCH_PATHS = (
					"$(inherited)",
					"@executable_path/Frameworks",
				);
				MARKETING_VERSION = 1.0;
				PRODUCT_BUNDLE_IDENTIFIER = com.mwadime.Weather;
				PRODUCT_NAME = "$(TARGET_NAME)";
				SUPPORTED_PLATFORMS = "iphoneos iphonesimulator";
				SUPPORTS_MACCATALYST = NO;
				SUPPORTS_MAC_DESIGNED_FOR_IPHONE_IPAD = NO;
				SWIFT_EMIT_LOC_STRINGS = YES;
				SWIFT_VERSION = 5.0;
				TARGETED_DEVICE_FAMILY = 1;
			};
			name = Release;
		};
		75042743295DFDA400F04A5E /* Debug */ = {
			isa = XCBuildConfiguration;
			buildSettings = {
				ALWAYS_EMBED_SWIFT_STANDARD_LIBRARIES = YES;
				BUNDLE_LOADER = "$(TEST_HOST)";
				CODE_SIGN_STYLE = Automatic;
				CURRENT_PROJECT_VERSION = 1;
				DEVELOPMENT_TEAM = SDHT5QWC78;
				GENERATE_INFOPLIST_FILE = YES;
				IPHONEOS_DEPLOYMENT_TARGET = 15.0;
				MARKETING_VERSION = 1.0;
				PRODUCT_BUNDLE_IDENTIFIER = com.mwadime.WeatherTests;
				PRODUCT_NAME = "$(TARGET_NAME)";
				SUPPORTED_PLATFORMS = "iphoneos iphonesimulator";
				SUPPORTS_MACCATALYST = NO;
				SUPPORTS_MAC_DESIGNED_FOR_IPHONE_IPAD = NO;
				SWIFT_EMIT_LOC_STRINGS = NO;
				SWIFT_VERSION = 5.0;
				TARGETED_DEVICE_FAMILY = 1;
				TEST_HOST = "$(BUILT_PRODUCTS_DIR)/Weather.app/$(BUNDLE_EXECUTABLE_FOLDER_PATH)/Weather";
			};
			name = Debug;
		};
		75042744295DFDA400F04A5E /* Release */ = {
			isa = XCBuildConfiguration;
			buildSettings = {
				ALWAYS_EMBED_SWIFT_STANDARD_LIBRARIES = YES;
				BUNDLE_LOADER = "$(TEST_HOST)";
				CODE_SIGN_STYLE = Automatic;
				CURRENT_PROJECT_VERSION = 1;
				DEVELOPMENT_TEAM = SDHT5QWC78;
				GENERATE_INFOPLIST_FILE = YES;
				IPHONEOS_DEPLOYMENT_TARGET = 15.0;
				MARKETING_VERSION = 1.0;
				PRODUCT_BUNDLE_IDENTIFIER = com.mwadime.WeatherTests;
				PRODUCT_NAME = "$(TARGET_NAME)";
				SUPPORTED_PLATFORMS = "iphoneos iphonesimulator";
				SUPPORTS_MACCATALYST = NO;
				SUPPORTS_MAC_DESIGNED_FOR_IPHONE_IPAD = NO;
				SWIFT_EMIT_LOC_STRINGS = NO;
				SWIFT_VERSION = 5.0;
				TARGETED_DEVICE_FAMILY = 1;
				TEST_HOST = "$(BUILT_PRODUCTS_DIR)/Weather.app/$(BUNDLE_EXECUTABLE_FOLDER_PATH)/Weather";
			};
			name = Release;
		};
		75042746295DFDA400F04A5E /* Debug */ = {
			isa = XCBuildConfiguration;
			buildSettings = {
				ALWAYS_EMBED_SWIFT_STANDARD_LIBRARIES = YES;
				CODE_SIGN_STYLE = Automatic;
				CURRENT_PROJECT_VERSION = 1;
				DEVELOPMENT_TEAM = SDHT5QWC78;
				GENERATE_INFOPLIST_FILE = YES;
				IPHONEOS_DEPLOYMENT_TARGET = 15.0;
				MARKETING_VERSION = 1.0;
				PRODUCT_BUNDLE_IDENTIFIER = com.mwadime.WeatherUITests;
				PRODUCT_NAME = "$(TARGET_NAME)";
				SUPPORTED_PLATFORMS = "iphoneos iphonesimulator";
				SUPPORTS_MACCATALYST = NO;
				SUPPORTS_MAC_DESIGNED_FOR_IPHONE_IPAD = NO;
				SWIFT_EMIT_LOC_STRINGS = NO;
				SWIFT_VERSION = 5.0;
				TARGETED_DEVICE_FAMILY = 1;
				TEST_TARGET_NAME = Weather;
			};
			name = Debug;
		};
		75042747295DFDA400F04A5E /* Release */ = {
			isa = XCBuildConfiguration;
			buildSettings = {
				ALWAYS_EMBED_SWIFT_STANDARD_LIBRARIES = YES;
				CODE_SIGN_STYLE = Automatic;
				CURRENT_PROJECT_VERSION = 1;
				DEVELOPMENT_TEAM = SDHT5QWC78;
				GENERATE_INFOPLIST_FILE = YES;
				IPHONEOS_DEPLOYMENT_TARGET = 15.0;
				MARKETING_VERSION = 1.0;
				PRODUCT_BUNDLE_IDENTIFIER = com.mwadime.WeatherUITests;
				PRODUCT_NAME = "$(TARGET_NAME)";
				SUPPORTED_PLATFORMS = "iphoneos iphonesimulator";
				SUPPORTS_MACCATALYST = NO;
				SUPPORTS_MAC_DESIGNED_FOR_IPHONE_IPAD = NO;
				SWIFT_EMIT_LOC_STRINGS = NO;
				SWIFT_VERSION = 5.0;
				TARGETED_DEVICE_FAMILY = 1;
				TEST_TARGET_NAME = Weather;
			};
			name = Release;
		};
/* End XCBuildConfiguration section */

/* Begin XCConfigurationList section */
		75042711295DFD8B00F04A5E /* Build configuration list for PBXProject "Weather" */ = {
			isa = XCConfigurationList;
			buildConfigurations = (
				7504273D295DFDA400F04A5E /* Debug */,
				7504273E295DFDA400F04A5E /* Release */,
			);
			defaultConfigurationIsVisible = 0;
			defaultConfigurationName = Release;
		};
		7504273F295DFDA400F04A5E /* Build configuration list for PBXNativeTarget "Weather" */ = {
			isa = XCConfigurationList;
			buildConfigurations = (
				75042740295DFDA400F04A5E /* Debug */,
				75042741295DFDA400F04A5E /* Release */,
			);
			defaultConfigurationIsVisible = 0;
			defaultConfigurationName = Release;
		};
		75042742295DFDA400F04A5E /* Build configuration list for PBXNativeTarget "WeatherTests" */ = {
			isa = XCConfigurationList;
			buildConfigurations = (
				75042743295DFDA400F04A5E /* Debug */,
				75042744295DFDA400F04A5E /* Release */,
			);
			defaultConfigurationIsVisible = 0;
			defaultConfigurationName = Release;
		};
		75042745295DFDA400F04A5E /* Build configuration list for PBXNativeTarget "WeatherUITests" */ = {
			isa = XCConfigurationList;
			buildConfigurations = (
				75042746295DFDA400F04A5E /* Debug */,
				75042747295DFDA400F04A5E /* Release */,
			);
			defaultConfigurationIsVisible = 0;
			defaultConfigurationName = Release;
		};
/* End XCConfigurationList section */

/* Begin XCVersionGroup section */
		75042724295DFDA100F04A5E /* Weather.xcdatamodeld */ = {
			isa = XCVersionGroup;
			children = (
				75F3B12B2966D0C0008B0D7A /* Weather 2.xcdatamodel */,
				75042725295DFDA100F04A5E /* Weather.xcdatamodel */,
			);
			currentVersion = 75F3B12B2966D0C0008B0D7A /* Weather 2.xcdatamodel */;
			path = Weather.xcdatamodeld;
			sourceTree = "<group>";
			versionGroupType = wrapper.xcdatamodel;
		};
/* End XCVersionGroup section */
	};
	rootObject = 7504270E295DFD8B00F04A5E /* Project object */;
}
